
Microsoft Visual Studio Solution File, Format Version 12.00
# Visual Studio Version 16
VisualStudioVersion = 16.0.29505.145
MinimumVisualStudioVersion = 10.0.40219.1
Project("{9A19103F-16F7-4668-BE54-9A1E7A4F7556}") = "XamariNES.CPU.Tests", "XamariNES.CPU.Tests\XamariNES.CPU.Tests.csproj", "{84F7719A-DF92-4E18-9531-DE053572896C}"
EndProject
Project("{9A19103F-16F7-4668-BE54-9A1E7A4F7556}") = "XamariNES.CPU", "XamariNES.CPU\XamariNES.CPU.csproj", "{EE30F735-2DB6-4865-A0FB-B4F4929D5465}"
EndProject
Project("{9A19103F-16F7-4668-BE54-9A1E7A4F7556}") = "XamariNES.Emulator", "XamariNES.Emulator\XamariNES.Emulator.csproj", "{248BD373-750D-4AEB-A54E-4270F5EFBDD5}"
EndProject
Project("{9A19103F-16F7-4668-BE54-9A1E7A4F7556}") = "XamariNES.PPU", "XamariNES.PPU\XamariNES.PPU.csproj", "{94594588-EA80-48F1-BA44-6A9F669AEBF0}"
EndProject
Project("{9A19103F-16F7-4668-BE54-9A1E7A4F7556}") = "XamariNES.Cartridge", "XamariNES.Cartridge\XamariNES.Cartridge.csproj", "{5BE413E5-E930-43DE-B25D-8253A43C5FE4}"
EndProject
Project("{9A19103F-16F7-4668-BE54-9A1E7A4F7556}") = "XamariNES.Common", "XamariNES.Common\XamariNES.Common.csproj", "{5E5CA898-4081-490A-9BFD-182A4425145A}"
EndProject
Project("{9A19103F-16F7-4668-BE54-9A1E7A4F7556}") = "XamariNES.Controller", "XamariNES.Controller\XamariNES.Controller.csproj", "{CB6229AD-8B0F-4B1B-BBDC-54C37FD95B15}"
EndProject
Project("{2150E333-8FDC-42A3-9474-1A3956D46DE8}") = "UI", "UI", "{E789F872-6132-4099-AE8D-A8C939EBE728}"
	ProjectSection(SolutionItems) = preProject
		XamariNES.UI\README.MD = XamariNES.UI\README.MD
	EndProjectSection
EndProject
Project("{FAE04EC0-301F-11D3-BF4B-00C04F79EFBC}") = "XamariNES.UI.App.Android", "XamariNES.UI\XamariNES.UI.App.Android\XamariNES.UI.App.Android.csproj", "{DFB05D17-52D3-4899-A9E4-D20673CD0DE8}"
EndProject
Project("{FAE04EC0-301F-11D3-BF4B-00C04F79EFBC}") = "XamariNES.UI.App.iOS", "XamariNES.UI\XamariNES.UI.App.iOS\XamariNES.UI.App.iOS.csproj", "{286A19D6-40A5-4B20-90EF-CF6C92801683}"
EndProject
Project("{9A19103F-16F7-4668-BE54-9A1E7A4F7556}") = "XamariNES.UI.App", "XamariNES.UI\XamariNES.UI.App\XamariNES.UI.App.csproj", "{D84D0180-CADD-46E5-B6FB-0C8D31085BF9}"
EndProject
Project("{FAE04EC0-301F-11D3-BF4B-00C04F79EFBC}") = "XamariNES.UI.App.macOS", "XamariNES.UI\XamariNES.UI.App.macOS\XamariNES.UI.App.macOS.csproj", "{8B83C7DC-9207-4063-8E87-7A7A492F4962}"
EndProject
Project("{2150E333-8FDC-42A3-9474-1A3956D46DE8}") = "Solution Items", "Solution Items", "{2C87B9CA-16CE-4C5E-B47B-1022C7FC398E}"
	ProjectSection(SolutionItems) = preProject
		LICENSE = LICENSE
		README.MD = README.MD
	EndProjectSection
EndProject
Project("{FAE04EC0-301F-11D3-BF4B-00C04F79EFBC}") = "XamariNES.UI.App.UWP", "XamariNES.UI\XamariNES.UI.App.UWP\XamariNES.UI.App.UWP.csproj", "{5C09D017-5795-48C5-B8E1-279C107274D6}"
EndProject
Project("{9A19103F-16F7-4668-BE54-9A1E7A4F7556}") = "XamariNES.UI.App.Blazor", "XamariNES.UI\XamariNES.UI.App.Blazor\XamariNES.UI.App.Blazor.csproj", "{37163CA1-BA23-42A8-8672-439D110834E4}"
EndProject
Project("{FAE04EC0-301F-11D3-BF4B-00C04F79EFBC}") = "XamariNES.UI.App.Console", "XamariNES.UI.App.Console\XamariNES.UI.App.Console.csproj", "{9721019D-B12D-4794-9668-6848EC0A56C0}"
EndProject
Global
	GlobalSection(SolutionConfigurationPlatforms) = preSolution
		Ad-Hoc|Any CPU = Ad-Hoc|Any CPU
		Ad-Hoc|ARM = Ad-Hoc|ARM
		Ad-Hoc|iPhone = Ad-Hoc|iPhone
		Ad-Hoc|iPhoneSimulator = Ad-Hoc|iPhoneSimulator
		Ad-Hoc|x64 = Ad-Hoc|x64
		Ad-Hoc|x86 = Ad-Hoc|x86
		AppStore|Any CPU = AppStore|Any CPU
		AppStore|ARM = AppStore|ARM
		AppStore|iPhone = AppStore|iPhone
		AppStore|iPhoneSimulator = AppStore|iPhoneSimulator
		AppStore|x64 = AppStore|x64
		AppStore|x86 = AppStore|x86
		Debug|Any CPU = Debug|Any CPU
		Debug|ARM = Debug|ARM
		Debug|iPhone = Debug|iPhone
		Debug|iPhoneSimulator = Debug|iPhoneSimulator
		Debug|x64 = Debug|x64
		Debug|x86 = Debug|x86
		Release|Any CPU = Release|Any CPU
		Release|ARM = Release|ARM
		Release|iPhone = Release|iPhone
		Release|iPhoneSimulator = Release|iPhoneSimulator
		Release|x64 = Release|x64
		Release|x86 = Release|x86
	EndGlobalSection
	GlobalSection(ProjectConfigurationPlatforms) = postSolution
		{84F7719A-DF92-4E18-9531-DE053572896C}.Ad-Hoc|Any CPU.ActiveCfg = Release|Any CPU
		{84F7719A-DF92-4E18-9531-DE053572896C}.Ad-Hoc|Any CPU.Build.0 = Release|Any CPU
		{84F7719A-DF92-4E18-9531-DE053572896C}.Ad-Hoc|ARM.ActiveCfg = Release|Any CPU
		{84F7719A-DF92-4E18-9531-DE053572896C}.Ad-Hoc|ARM.Build.0 = Release|Any CPU
		{84F7719A-DF92-4E18-9531-DE053572896C}.Ad-Hoc|iPhone.ActiveCfg = Release|Any CPU
		{84F7719A-DF92-4E18-9531-DE053572896C}.Ad-Hoc|iPhone.Build.0 = Release|Any CPU
		{84F7719A-DF92-4E18-9531-DE053572896C}.Ad-Hoc|iPhoneSimulator.ActiveCfg = Release|Any CPU
		{84F7719A-DF92-4E18-9531-DE053572896C}.Ad-Hoc|iPhoneSimulator.Build.0 = Release|Any CPU
		{84F7719A-DF92-4E18-9531-DE053572896C}.Ad-Hoc|x64.ActiveCfg = Release|Any CPU
		{84F7719A-DF92-4E18-9531-DE053572896C}.Ad-Hoc|x64.Build.0 = Release|Any CPU
		{84F7719A-DF92-4E18-9531-DE053572896C}.Ad-Hoc|x86.ActiveCfg = Release|Any CPU
		{84F7719A-DF92-4E18-9531-DE053572896C}.Ad-Hoc|x86.Build.0 = Release|Any CPU
		{84F7719A-DF92-4E18-9531-DE053572896C}.AppStore|Any CPU.ActiveCfg = Release|Any CPU
		{84F7719A-DF92-4E18-9531-DE053572896C}.AppStore|Any CPU.Build.0 = Release|Any CPU
		{84F7719A-DF92-4E18-9531-DE053572896C}.AppStore|ARM.ActiveCfg = Release|Any CPU
		{84F7719A-DF92-4E18-9531-DE053572896C}.AppStore|ARM.Build.0 = Release|Any CPU
		{84F7719A-DF92-4E18-9531-DE053572896C}.AppStore|iPhone.ActiveCfg = Release|Any CPU
		{84F7719A-DF92-4E18-9531-DE053572896C}.AppStore|iPhone.Build.0 = Release|Any CPU
		{84F7719A-DF92-4E18-9531-DE053572896C}.AppStore|iPhoneSimulator.ActiveCfg = Release|Any CPU
		{84F7719A-DF92-4E18-9531-DE053572896C}.AppStore|iPhoneSimulator.Build.0 = Release|Any CPU
		{84F7719A-DF92-4E18-9531-DE053572896C}.AppStore|x64.ActiveCfg = Release|Any CPU
		{84F7719A-DF92-4E18-9531-DE053572896C}.AppStore|x64.Build.0 = Release|Any CPU
		{84F7719A-DF92-4E18-9531-DE053572896C}.AppStore|x86.ActiveCfg = Release|Any CPU
		{84F7719A-DF92-4E18-9531-DE053572896C}.AppStore|x86.Build.0 = Release|Any CPU
		{84F7719A-DF92-4E18-9531-DE053572896C}.Debug|Any CPU.ActiveCfg = Debug|Any CPU
		{84F7719A-DF92-4E18-9531-DE053572896C}.Debug|Any CPU.Build.0 = Debug|Any CPU
		{84F7719A-DF92-4E18-9531-DE053572896C}.Debug|ARM.ActiveCfg = Debug|Any CPU
		{84F7719A-DF92-4E18-9531-DE053572896C}.Debug|ARM.Build.0 = Debug|Any CPU
		{84F7719A-DF92-4E18-9531-DE053572896C}.Debug|iPhone.ActiveCfg = Debug|Any CPU
		{84F7719A-DF92-4E18-9531-DE053572896C}.Debug|iPhone.Build.0 = Debug|Any CPU
		{84F7719A-DF92-4E18-9531-DE053572896C}.Debug|iPhoneSimulator.ActiveCfg = Debug|Any CPU
		{84F7719A-DF92-4E18-9531-DE053572896C}.Debug|iPhoneSimulator.Build.0 = Debug|Any CPU
		{84F7719A-DF92-4E18-9531-DE053572896C}.Debug|x64.ActiveCfg = Debug|Any CPU
		{84F7719A-DF92-4E18-9531-DE053572896C}.Debug|x64.Build.0 = Debug|Any CPU
		{84F7719A-DF92-4E18-9531-DE053572896C}.Debug|x86.ActiveCfg = Debug|Any CPU
		{84F7719A-DF92-4E18-9531-DE053572896C}.Debug|x86.Build.0 = Debug|Any CPU
		{84F7719A-DF92-4E18-9531-DE053572896C}.Release|Any CPU.ActiveCfg = Release|Any CPU
		{84F7719A-DF92-4E18-9531-DE053572896C}.Release|Any CPU.Build.0 = Release|Any CPU
		{84F7719A-DF92-4E18-9531-DE053572896C}.Release|ARM.ActiveCfg = Release|Any CPU
		{84F7719A-DF92-4E18-9531-DE053572896C}.Release|ARM.Build.0 = Release|Any CPU
		{84F7719A-DF92-4E18-9531-DE053572896C}.Release|iPhone.ActiveCfg = Release|Any CPU
		{84F7719A-DF92-4E18-9531-DE053572896C}.Release|iPhone.Build.0 = Release|Any CPU
		{84F7719A-DF92-4E18-9531-DE053572896C}.Release|iPhoneSimulator.ActiveCfg = Release|Any CPU
		{84F7719A-DF92-4E18-9531-DE053572896C}.Release|iPhoneSimulator.Build.0 = Release|Any CPU
		{84F7719A-DF92-4E18-9531-DE053572896C}.Release|x64.ActiveCfg = Release|Any CPU
		{84F7719A-DF92-4E18-9531-DE053572896C}.Release|x64.Build.0 = Release|Any CPU
		{84F7719A-DF92-4E18-9531-DE053572896C}.Release|x86.ActiveCfg = Release|Any CPU
		{84F7719A-DF92-4E18-9531-DE053572896C}.Release|x86.Build.0 = Release|Any CPU
		{EE30F735-2DB6-4865-A0FB-B4F4929D5465}.Ad-Hoc|Any CPU.ActiveCfg = Release|Any CPU
		{EE30F735-2DB6-4865-A0FB-B4F4929D5465}.Ad-Hoc|Any CPU.Build.0 = Release|Any CPU
		{EE30F735-2DB6-4865-A0FB-B4F4929D5465}.Ad-Hoc|ARM.ActiveCfg = Release|Any CPU
		{EE30F735-2DB6-4865-A0FB-B4F4929D5465}.Ad-Hoc|ARM.Build.0 = Release|Any CPU
		{EE30F735-2DB6-4865-A0FB-B4F4929D5465}.Ad-Hoc|iPhone.ActiveCfg = Release|Any CPU
		{EE30F735-2DB6-4865-A0FB-B4F4929D5465}.Ad-Hoc|iPhone.Build.0 = Release|Any CPU
		{EE30F735-2DB6-4865-A0FB-B4F4929D5465}.Ad-Hoc|iPhoneSimulator.ActiveCfg = Release|Any CPU
		{EE30F735-2DB6-4865-A0FB-B4F4929D5465}.Ad-Hoc|iPhoneSimulator.Build.0 = Release|Any CPU
		{EE30F735-2DB6-4865-A0FB-B4F4929D5465}.Ad-Hoc|x64.ActiveCfg = Release|Any CPU
		{EE30F735-2DB6-4865-A0FB-B4F4929D5465}.Ad-Hoc|x64.Build.0 = Release|Any CPU
		{EE30F735-2DB6-4865-A0FB-B4F4929D5465}.Ad-Hoc|x86.ActiveCfg = Release|Any CPU
		{EE30F735-2DB6-4865-A0FB-B4F4929D5465}.Ad-Hoc|x86.Build.0 = Release|Any CPU
		{EE30F735-2DB6-4865-A0FB-B4F4929D5465}.AppStore|Any CPU.ActiveCfg = Release|Any CPU
		{EE30F735-2DB6-4865-A0FB-B4F4929D5465}.AppStore|Any CPU.Build.0 = Release|Any CPU
		{EE30F735-2DB6-4865-A0FB-B4F4929D5465}.AppStore|ARM.ActiveCfg = Release|Any CPU
		{EE30F735-2DB6-4865-A0FB-B4F4929D5465}.AppStore|ARM.Build.0 = Release|Any CPU
		{EE30F735-2DB6-4865-A0FB-B4F4929D5465}.AppStore|iPhone.ActiveCfg = Release|Any CPU
		{EE30F735-2DB6-4865-A0FB-B4F4929D5465}.AppStore|iPhone.Build.0 = Release|Any CPU
		{EE30F735-2DB6-4865-A0FB-B4F4929D5465}.AppStore|iPhoneSimulator.ActiveCfg = Release|Any CPU
		{EE30F735-2DB6-4865-A0FB-B4F4929D5465}.AppStore|iPhoneSimulator.Build.0 = Release|Any CPU
		{EE30F735-2DB6-4865-A0FB-B4F4929D5465}.AppStore|x64.ActiveCfg = Release|Any CPU
		{EE30F735-2DB6-4865-A0FB-B4F4929D5465}.AppStore|x64.Build.0 = Release|Any CPU
		{EE30F735-2DB6-4865-A0FB-B4F4929D5465}.AppStore|x86.ActiveCfg = Release|Any CPU
		{EE30F735-2DB6-4865-A0FB-B4F4929D5465}.AppStore|x86.Build.0 = Release|Any CPU
		{EE30F735-2DB6-4865-A0FB-B4F4929D5465}.Debug|Any CPU.ActiveCfg = Debug|Any CPU
		{EE30F735-2DB6-4865-A0FB-B4F4929D5465}.Debug|Any CPU.Build.0 = Debug|Any CPU
		{EE30F735-2DB6-4865-A0FB-B4F4929D5465}.Debug|ARM.ActiveCfg = Debug|Any CPU
		{EE30F735-2DB6-4865-A0FB-B4F4929D5465}.Debug|ARM.Build.0 = Debug|Any CPU
		{EE30F735-2DB6-4865-A0FB-B4F4929D5465}.Debug|iPhone.ActiveCfg = Debug|Any CPU
		{EE30F735-2DB6-4865-A0FB-B4F4929D5465}.Debug|iPhone.Build.0 = Debug|Any CPU
		{EE30F735-2DB6-4865-A0FB-B4F4929D5465}.Debug|iPhoneSimulator.ActiveCfg = Debug|Any CPU
		{EE30F735-2DB6-4865-A0FB-B4F4929D5465}.Debug|iPhoneSimulator.Build.0 = Debug|Any CPU
		{EE30F735-2DB6-4865-A0FB-B4F4929D5465}.Debug|x64.ActiveCfg = Debug|Any CPU
		{EE30F735-2DB6-4865-A0FB-B4F4929D5465}.Debug|x64.Build.0 = Debug|Any CPU
		{EE30F735-2DB6-4865-A0FB-B4F4929D5465}.Debug|x86.ActiveCfg = Debug|Any CPU
		{EE30F735-2DB6-4865-A0FB-B4F4929D5465}.Debug|x86.Build.0 = Debug|Any CPU
		{EE30F735-2DB6-4865-A0FB-B4F4929D5465}.Release|Any CPU.ActiveCfg = Release|Any CPU
		{EE30F735-2DB6-4865-A0FB-B4F4929D5465}.Release|Any CPU.Build.0 = Release|Any CPU
		{EE30F735-2DB6-4865-A0FB-B4F4929D5465}.Release|ARM.ActiveCfg = Release|Any CPU
		{EE30F735-2DB6-4865-A0FB-B4F4929D5465}.Release|ARM.Build.0 = Release|Any CPU
		{EE30F735-2DB6-4865-A0FB-B4F4929D5465}.Release|iPhone.ActiveCfg = Release|Any CPU
		{EE30F735-2DB6-4865-A0FB-B4F4929D5465}.Release|iPhone.Build.0 = Release|Any CPU
		{EE30F735-2DB6-4865-A0FB-B4F4929D5465}.Release|iPhoneSimulator.ActiveCfg = Release|Any CPU
		{EE30F735-2DB6-4865-A0FB-B4F4929D5465}.Release|iPhoneSimulator.Build.0 = Release|Any CPU
		{EE30F735-2DB6-4865-A0FB-B4F4929D5465}.Release|x64.ActiveCfg = Release|Any CPU
		{EE30F735-2DB6-4865-A0FB-B4F4929D5465}.Release|x64.Build.0 = Release|Any CPU
		{EE30F735-2DB6-4865-A0FB-B4F4929D5465}.Release|x86.ActiveCfg = Release|Any CPU
		{EE30F735-2DB6-4865-A0FB-B4F4929D5465}.Release|x86.Build.0 = Release|Any CPU
		{248BD373-750D-4AEB-A54E-4270F5EFBDD5}.Ad-Hoc|Any CPU.ActiveCfg = Release|Any CPU
		{248BD373-750D-4AEB-A54E-4270F5EFBDD5}.Ad-Hoc|Any CPU.Build.0 = Release|Any CPU
		{248BD373-750D-4AEB-A54E-4270F5EFBDD5}.Ad-Hoc|ARM.ActiveCfg = Release|Any CPU
		{248BD373-750D-4AEB-A54E-4270F5EFBDD5}.Ad-Hoc|ARM.Build.0 = Release|Any CPU
		{248BD373-750D-4AEB-A54E-4270F5EFBDD5}.Ad-Hoc|iPhone.ActiveCfg = Release|Any CPU
		{248BD373-750D-4AEB-A54E-4270F5EFBDD5}.Ad-Hoc|iPhone.Build.0 = Release|Any CPU
		{248BD373-750D-4AEB-A54E-4270F5EFBDD5}.Ad-Hoc|iPhoneSimulator.ActiveCfg = Release|Any CPU
		{248BD373-750D-4AEB-A54E-4270F5EFBDD5}.Ad-Hoc|iPhoneSimulator.Build.0 = Release|Any CPU
		{248BD373-750D-4AEB-A54E-4270F5EFBDD5}.Ad-Hoc|x64.ActiveCfg = Release|Any CPU
		{248BD373-750D-4AEB-A54E-4270F5EFBDD5}.Ad-Hoc|x64.Build.0 = Release|Any CPU
		{248BD373-750D-4AEB-A54E-4270F5EFBDD5}.Ad-Hoc|x86.ActiveCfg = Release|Any CPU
		{248BD373-750D-4AEB-A54E-4270F5EFBDD5}.Ad-Hoc|x86.Build.0 = Release|Any CPU
		{248BD373-750D-4AEB-A54E-4270F5EFBDD5}.AppStore|Any CPU.ActiveCfg = Release|Any CPU
		{248BD373-750D-4AEB-A54E-4270F5EFBDD5}.AppStore|Any CPU.Build.0 = Release|Any CPU
		{248BD373-750D-4AEB-A54E-4270F5EFBDD5}.AppStore|ARM.ActiveCfg = Release|Any CPU
		{248BD373-750D-4AEB-A54E-4270F5EFBDD5}.AppStore|ARM.Build.0 = Release|Any CPU
		{248BD373-750D-4AEB-A54E-4270F5EFBDD5}.AppStore|iPhone.ActiveCfg = Release|Any CPU
		{248BD373-750D-4AEB-A54E-4270F5EFBDD5}.AppStore|iPhone.Build.0 = Release|Any CPU
		{248BD373-750D-4AEB-A54E-4270F5EFBDD5}.AppStore|iPhoneSimulator.ActiveCfg = Release|Any CPU
		{248BD373-750D-4AEB-A54E-4270F5EFBDD5}.AppStore|iPhoneSimulator.Build.0 = Release|Any CPU
		{248BD373-750D-4AEB-A54E-4270F5EFBDD5}.AppStore|x64.ActiveCfg = Release|Any CPU
		{248BD373-750D-4AEB-A54E-4270F5EFBDD5}.AppStore|x64.Build.0 = Release|Any CPU
		{248BD373-750D-4AEB-A54E-4270F5EFBDD5}.AppStore|x86.ActiveCfg = Release|Any CPU
		{248BD373-750D-4AEB-A54E-4270F5EFBDD5}.AppStore|x86.Build.0 = Release|Any CPU
		{248BD373-750D-4AEB-A54E-4270F5EFBDD5}.Debug|Any CPU.ActiveCfg = Debug|Any CPU
		{248BD373-750D-4AEB-A54E-4270F5EFBDD5}.Debug|Any CPU.Build.0 = Debug|Any CPU
		{248BD373-750D-4AEB-A54E-4270F5EFBDD5}.Debug|ARM.ActiveCfg = Debug|Any CPU
		{248BD373-750D-4AEB-A54E-4270F5EFBDD5}.Debug|ARM.Build.0 = Debug|Any CPU
		{248BD373-750D-4AEB-A54E-4270F5EFBDD5}.Debug|iPhone.ActiveCfg = Debug|Any CPU
		{248BD373-750D-4AEB-A54E-4270F5EFBDD5}.Debug|iPhone.Build.0 = Debug|Any CPU
		{248BD373-750D-4AEB-A54E-4270F5EFBDD5}.Debug|iPhoneSimulator.ActiveCfg = Debug|Any CPU
		{248BD373-750D-4AEB-A54E-4270F5EFBDD5}.Debug|iPhoneSimulator.Build.0 = Debug|Any CPU
		{248BD373-750D-4AEB-A54E-4270F5EFBDD5}.Debug|x64.ActiveCfg = Debug|Any CPU
		{248BD373-750D-4AEB-A54E-4270F5EFBDD5}.Debug|x64.Build.0 = Debug|Any CPU
		{248BD373-750D-4AEB-A54E-4270F5EFBDD5}.Debug|x86.ActiveCfg = Debug|Any CPU
		{248BD373-750D-4AEB-A54E-4270F5EFBDD5}.Debug|x86.Build.0 = Debug|Any CPU
		{248BD373-750D-4AEB-A54E-4270F5EFBDD5}.Release|Any CPU.ActiveCfg = Release|Any CPU
		{248BD373-750D-4AEB-A54E-4270F5EFBDD5}.Release|Any CPU.Build.0 = Release|Any CPU
		{248BD373-750D-4AEB-A54E-4270F5EFBDD5}.Release|ARM.ActiveCfg = Release|Any CPU
		{248BD373-750D-4AEB-A54E-4270F5EFBDD5}.Release|ARM.Build.0 = Release|Any CPU
		{248BD373-750D-4AEB-A54E-4270F5EFBDD5}.Release|iPhone.ActiveCfg = Release|Any CPU
		{248BD373-750D-4AEB-A54E-4270F5EFBDD5}.Release|iPhone.Build.0 = Release|Any CPU
		{248BD373-750D-4AEB-A54E-4270F5EFBDD5}.Release|iPhoneSimulator.ActiveCfg = Release|Any CPU
		{248BD373-750D-4AEB-A54E-4270F5EFBDD5}.Release|iPhoneSimulator.Build.0 = Release|Any CPU
		{248BD373-750D-4AEB-A54E-4270F5EFBDD5}.Release|x64.ActiveCfg = Release|Any CPU
		{248BD373-750D-4AEB-A54E-4270F5EFBDD5}.Release|x64.Build.0 = Release|Any CPU
		{248BD373-750D-4AEB-A54E-4270F5EFBDD5}.Release|x86.ActiveCfg = Release|Any CPU
		{248BD373-750D-4AEB-A54E-4270F5EFBDD5}.Release|x86.Build.0 = Release|Any CPU
		{94594588-EA80-48F1-BA44-6A9F669AEBF0}.Ad-Hoc|Any CPU.ActiveCfg = Release|Any CPU
		{94594588-EA80-48F1-BA44-6A9F669AEBF0}.Ad-Hoc|Any CPU.Build.0 = Release|Any CPU
		{94594588-EA80-48F1-BA44-6A9F669AEBF0}.Ad-Hoc|ARM.ActiveCfg = Release|Any CPU
		{94594588-EA80-48F1-BA44-6A9F669AEBF0}.Ad-Hoc|ARM.Build.0 = Release|Any CPU
		{94594588-EA80-48F1-BA44-6A9F669AEBF0}.Ad-Hoc|iPhone.ActiveCfg = Release|Any CPU
		{94594588-EA80-48F1-BA44-6A9F669AEBF0}.Ad-Hoc|iPhone.Build.0 = Release|Any CPU
		{94594588-EA80-48F1-BA44-6A9F669AEBF0}.Ad-Hoc|iPhoneSimulator.ActiveCfg = Release|Any CPU
		{94594588-EA80-48F1-BA44-6A9F669AEBF0}.Ad-Hoc|iPhoneSimulator.Build.0 = Release|Any CPU
		{94594588-EA80-48F1-BA44-6A9F669AEBF0}.Ad-Hoc|x64.ActiveCfg = Release|Any CPU
		{94594588-EA80-48F1-BA44-6A9F669AEBF0}.Ad-Hoc|x64.Build.0 = Release|Any CPU
		{94594588-EA80-48F1-BA44-6A9F669AEBF0}.Ad-Hoc|x86.ActiveCfg = Release|Any CPU
		{94594588-EA80-48F1-BA44-6A9F669AEBF0}.Ad-Hoc|x86.Build.0 = Release|Any CPU
		{94594588-EA80-48F1-BA44-6A9F669AEBF0}.AppStore|Any CPU.ActiveCfg = Release|Any CPU
		{94594588-EA80-48F1-BA44-6A9F669AEBF0}.AppStore|Any CPU.Build.0 = Release|Any CPU
		{94594588-EA80-48F1-BA44-6A9F669AEBF0}.AppStore|ARM.ActiveCfg = Release|Any CPU
		{94594588-EA80-48F1-BA44-6A9F669AEBF0}.AppStore|ARM.Build.0 = Release|Any CPU
		{94594588-EA80-48F1-BA44-6A9F669AEBF0}.AppStore|iPhone.ActiveCfg = Release|Any CPU
		{94594588-EA80-48F1-BA44-6A9F669AEBF0}.AppStore|iPhone.Build.0 = Release|Any CPU
		{94594588-EA80-48F1-BA44-6A9F669AEBF0}.AppStore|iPhoneSimulator.ActiveCfg = Release|Any CPU
		{94594588-EA80-48F1-BA44-6A9F669AEBF0}.AppStore|iPhoneSimulator.Build.0 = Release|Any CPU
		{94594588-EA80-48F1-BA44-6A9F669AEBF0}.AppStore|x64.ActiveCfg = Release|Any CPU
		{94594588-EA80-48F1-BA44-6A9F669AEBF0}.AppStore|x64.Build.0 = Release|Any CPU
		{94594588-EA80-48F1-BA44-6A9F669AEBF0}.AppStore|x86.ActiveCfg = Release|Any CPU
		{94594588-EA80-48F1-BA44-6A9F669AEBF0}.AppStore|x86.Build.0 = Release|Any CPU
		{94594588-EA80-48F1-BA44-6A9F669AEBF0}.Debug|Any CPU.ActiveCfg = Debug|Any CPU
		{94594588-EA80-48F1-BA44-6A9F669AEBF0}.Debug|Any CPU.Build.0 = Debug|Any CPU
		{94594588-EA80-48F1-BA44-6A9F669AEBF0}.Debug|ARM.ActiveCfg = Debug|Any CPU
		{94594588-EA80-48F1-BA44-6A9F669AEBF0}.Debug|ARM.Build.0 = Debug|Any CPU
		{94594588-EA80-48F1-BA44-6A9F669AEBF0}.Debug|iPhone.ActiveCfg = Debug|Any CPU
		{94594588-EA80-48F1-BA44-6A9F669AEBF0}.Debug|iPhone.Build.0 = Debug|Any CPU
		{94594588-EA80-48F1-BA44-6A9F669AEBF0}.Debug|iPhoneSimulator.ActiveCfg = Debug|Any CPU
		{94594588-EA80-48F1-BA44-6A9F669AEBF0}.Debug|iPhoneSimulator.Build.0 = Debug|Any CPU
		{94594588-EA80-48F1-BA44-6A9F669AEBF0}.Debug|x64.ActiveCfg = Debug|Any CPU
		{94594588-EA80-48F1-BA44-6A9F669AEBF0}.Debug|x64.Build.0 = Debug|Any CPU
		{94594588-EA80-48F1-BA44-6A9F669AEBF0}.Debug|x86.ActiveCfg = Debug|Any CPU
		{94594588-EA80-48F1-BA44-6A9F669AEBF0}.Debug|x86.Build.0 = Debug|Any CPU
		{94594588-EA80-48F1-BA44-6A9F669AEBF0}.Release|Any CPU.ActiveCfg = Release|Any CPU
		{94594588-EA80-48F1-BA44-6A9F669AEBF0}.Release|Any CPU.Build.0 = Release|Any CPU
		{94594588-EA80-48F1-BA44-6A9F669AEBF0}.Release|ARM.ActiveCfg = Release|Any CPU
		{94594588-EA80-48F1-BA44-6A9F669AEBF0}.Release|ARM.Build.0 = Release|Any CPU
		{94594588-EA80-48F1-BA44-6A9F669AEBF0}.Release|iPhone.ActiveCfg = Release|Any CPU
		{94594588-EA80-48F1-BA44-6A9F669AEBF0}.Release|iPhone.Build.0 = Release|Any CPU
		{94594588-EA80-48F1-BA44-6A9F669AEBF0}.Release|iPhoneSimulator.ActiveCfg = Release|Any CPU
		{94594588-EA80-48F1-BA44-6A9F669AEBF0}.Release|iPhoneSimulator.Build.0 = Release|Any CPU
		{94594588-EA80-48F1-BA44-6A9F669AEBF0}.Release|x64.ActiveCfg = Release|Any CPU
		{94594588-EA80-48F1-BA44-6A9F669AEBF0}.Release|x64.Build.0 = Release|Any CPU
		{94594588-EA80-48F1-BA44-6A9F669AEBF0}.Release|x86.ActiveCfg = Release|Any CPU
		{94594588-EA80-48F1-BA44-6A9F669AEBF0}.Release|x86.Build.0 = Release|Any CPU
		{5BE413E5-E930-43DE-B25D-8253A43C5FE4}.Ad-Hoc|Any CPU.ActiveCfg = Release|Any CPU
		{5BE413E5-E930-43DE-B25D-8253A43C5FE4}.Ad-Hoc|Any CPU.Build.0 = Release|Any CPU
		{5BE413E5-E930-43DE-B25D-8253A43C5FE4}.Ad-Hoc|ARM.ActiveCfg = Release|Any CPU
		{5BE413E5-E930-43DE-B25D-8253A43C5FE4}.Ad-Hoc|ARM.Build.0 = Release|Any CPU
		{5BE413E5-E930-43DE-B25D-8253A43C5FE4}.Ad-Hoc|iPhone.ActiveCfg = Release|Any CPU
		{5BE413E5-E930-43DE-B25D-8253A43C5FE4}.Ad-Hoc|iPhone.Build.0 = Release|Any CPU
		{5BE413E5-E930-43DE-B25D-8253A43C5FE4}.Ad-Hoc|iPhoneSimulator.ActiveCfg = Release|Any CPU
		{5BE413E5-E930-43DE-B25D-8253A43C5FE4}.Ad-Hoc|iPhoneSimulator.Build.0 = Release|Any CPU
		{5BE413E5-E930-43DE-B25D-8253A43C5FE4}.Ad-Hoc|x64.ActiveCfg = Release|Any CPU
		{5BE413E5-E930-43DE-B25D-8253A43C5FE4}.Ad-Hoc|x64.Build.0 = Release|Any CPU
		{5BE413E5-E930-43DE-B25D-8253A43C5FE4}.Ad-Hoc|x86.ActiveCfg = Release|Any CPU
		{5BE413E5-E930-43DE-B25D-8253A43C5FE4}.Ad-Hoc|x86.Build.0 = Release|Any CPU
		{5BE413E5-E930-43DE-B25D-8253A43C5FE4}.AppStore|Any CPU.ActiveCfg = Release|Any CPU
		{5BE413E5-E930-43DE-B25D-8253A43C5FE4}.AppStore|Any CPU.Build.0 = Release|Any CPU
		{5BE413E5-E930-43DE-B25D-8253A43C5FE4}.AppStore|ARM.ActiveCfg = Release|Any CPU
		{5BE413E5-E930-43DE-B25D-8253A43C5FE4}.AppStore|ARM.Build.0 = Release|Any CPU
		{5BE413E5-E930-43DE-B25D-8253A43C5FE4}.AppStore|iPhone.ActiveCfg = Release|Any CPU
		{5BE413E5-E930-43DE-B25D-8253A43C5FE4}.AppStore|iPhone.Build.0 = Release|Any CPU
		{5BE413E5-E930-43DE-B25D-8253A43C5FE4}.AppStore|iPhoneSimulator.ActiveCfg = Release|Any CPU
		{5BE413E5-E930-43DE-B25D-8253A43C5FE4}.AppStore|iPhoneSimulator.Build.0 = Release|Any CPU
		{5BE413E5-E930-43DE-B25D-8253A43C5FE4}.AppStore|x64.ActiveCfg = Release|Any CPU
		{5BE413E5-E930-43DE-B25D-8253A43C5FE4}.AppStore|x64.Build.0 = Release|Any CPU
		{5BE413E5-E930-43DE-B25D-8253A43C5FE4}.AppStore|x86.ActiveCfg = Release|Any CPU
		{5BE413E5-E930-43DE-B25D-8253A43C5FE4}.AppStore|x86.Build.0 = Release|Any CPU
		{5BE413E5-E930-43DE-B25D-8253A43C5FE4}.Debug|Any CPU.ActiveCfg = Debug|Any CPU
		{5BE413E5-E930-43DE-B25D-8253A43C5FE4}.Debug|Any CPU.Build.0 = Debug|Any CPU
		{5BE413E5-E930-43DE-B25D-8253A43C5FE4}.Debug|ARM.ActiveCfg = Debug|Any CPU
		{5BE413E5-E930-43DE-B25D-8253A43C5FE4}.Debug|ARM.Build.0 = Debug|Any CPU
		{5BE413E5-E930-43DE-B25D-8253A43C5FE4}.Debug|iPhone.ActiveCfg = Debug|Any CPU
		{5BE413E5-E930-43DE-B25D-8253A43C5FE4}.Debug|iPhone.Build.0 = Debug|Any CPU
		{5BE413E5-E930-43DE-B25D-8253A43C5FE4}.Debug|iPhoneSimulator.ActiveCfg = Debug|Any CPU
		{5BE413E5-E930-43DE-B25D-8253A43C5FE4}.Debug|iPhoneSimulator.Build.0 = Debug|Any CPU
		{5BE413E5-E930-43DE-B25D-8253A43C5FE4}.Debug|x64.ActiveCfg = Debug|Any CPU
		{5BE413E5-E930-43DE-B25D-8253A43C5FE4}.Debug|x64.Build.0 = Debug|Any CPU
		{5BE413E5-E930-43DE-B25D-8253A43C5FE4}.Debug|x86.ActiveCfg = Debug|Any CPU
		{5BE413E5-E930-43DE-B25D-8253A43C5FE4}.Debug|x86.Build.0 = Debug|Any CPU
		{5BE413E5-E930-43DE-B25D-8253A43C5FE4}.Release|Any CPU.ActiveCfg = Release|Any CPU
		{5BE413E5-E930-43DE-B25D-8253A43C5FE4}.Release|Any CPU.Build.0 = Release|Any CPU
		{5BE413E5-E930-43DE-B25D-8253A43C5FE4}.Release|ARM.ActiveCfg = Release|Any CPU
		{5BE413E5-E930-43DE-B25D-8253A43C5FE4}.Release|ARM.Build.0 = Release|Any CPU
		{5BE413E5-E930-43DE-B25D-8253A43C5FE4}.Release|iPhone.ActiveCfg = Release|Any CPU
		{5BE413E5-E930-43DE-B25D-8253A43C5FE4}.Release|iPhone.Build.0 = Release|Any CPU
		{5BE413E5-E930-43DE-B25D-8253A43C5FE4}.Release|iPhoneSimulator.ActiveCfg = Release|Any CPU
		{5BE413E5-E930-43DE-B25D-8253A43C5FE4}.Release|iPhoneSimulator.Build.0 = Release|Any CPU
		{5BE413E5-E930-43DE-B25D-8253A43C5FE4}.Release|x64.ActiveCfg = Release|Any CPU
		{5BE413E5-E930-43DE-B25D-8253A43C5FE4}.Release|x64.Build.0 = Release|Any CPU
		{5BE413E5-E930-43DE-B25D-8253A43C5FE4}.Release|x86.ActiveCfg = Release|Any CPU
		{5BE413E5-E930-43DE-B25D-8253A43C5FE4}.Release|x86.Build.0 = Release|Any CPU
		{5E5CA898-4081-490A-9BFD-182A4425145A}.Ad-Hoc|Any CPU.ActiveCfg = Release|Any CPU
		{5E5CA898-4081-490A-9BFD-182A4425145A}.Ad-Hoc|Any CPU.Build.0 = Release|Any CPU
		{5E5CA898-4081-490A-9BFD-182A4425145A}.Ad-Hoc|ARM.ActiveCfg = Release|Any CPU
		{5E5CA898-4081-490A-9BFD-182A4425145A}.Ad-Hoc|ARM.Build.0 = Release|Any CPU
		{5E5CA898-4081-490A-9BFD-182A4425145A}.Ad-Hoc|iPhone.ActiveCfg = Release|Any CPU
		{5E5CA898-4081-490A-9BFD-182A4425145A}.Ad-Hoc|iPhone.Build.0 = Release|Any CPU
		{5E5CA898-4081-490A-9BFD-182A4425145A}.Ad-Hoc|iPhoneSimulator.ActiveCfg = Release|Any CPU
		{5E5CA898-4081-490A-9BFD-182A4425145A}.Ad-Hoc|iPhoneSimulator.Build.0 = Release|Any CPU
		{5E5CA898-4081-490A-9BFD-182A4425145A}.Ad-Hoc|x64.ActiveCfg = Release|Any CPU
		{5E5CA898-4081-490A-9BFD-182A4425145A}.Ad-Hoc|x64.Build.0 = Release|Any CPU
		{5E5CA898-4081-490A-9BFD-182A4425145A}.Ad-Hoc|x86.ActiveCfg = Release|Any CPU
		{5E5CA898-4081-490A-9BFD-182A4425145A}.Ad-Hoc|x86.Build.0 = Release|Any CPU
		{5E5CA898-4081-490A-9BFD-182A4425145A}.AppStore|Any CPU.ActiveCfg = Release|Any CPU
		{5E5CA898-4081-490A-9BFD-182A4425145A}.AppStore|Any CPU.Build.0 = Release|Any CPU
		{5E5CA898-4081-490A-9BFD-182A4425145A}.AppStore|ARM.ActiveCfg = Release|Any CPU
		{5E5CA898-4081-490A-9BFD-182A4425145A}.AppStore|ARM.Build.0 = Release|Any CPU
		{5E5CA898-4081-490A-9BFD-182A4425145A}.AppStore|iPhone.ActiveCfg = Release|Any CPU
		{5E5CA898-4081-490A-9BFD-182A4425145A}.AppStore|iPhone.Build.0 = Release|Any CPU
		{5E5CA898-4081-490A-9BFD-182A4425145A}.AppStore|iPhoneSimulator.ActiveCfg = Release|Any CPU
		{5E5CA898-4081-490A-9BFD-182A4425145A}.AppStore|iPhoneSimulator.Build.0 = Release|Any CPU
		{5E5CA898-4081-490A-9BFD-182A4425145A}.AppStore|x64.ActiveCfg = Release|Any CPU
		{5E5CA898-4081-490A-9BFD-182A4425145A}.AppStore|x64.Build.0 = Release|Any CPU
		{5E5CA898-4081-490A-9BFD-182A4425145A}.AppStore|x86.ActiveCfg = Release|Any CPU
		{5E5CA898-4081-490A-9BFD-182A4425145A}.AppStore|x86.Build.0 = Release|Any CPU
		{5E5CA898-4081-490A-9BFD-182A4425145A}.Debug|Any CPU.ActiveCfg = Debug|Any CPU
		{5E5CA898-4081-490A-9BFD-182A4425145A}.Debug|Any CPU.Build.0 = Debug|Any CPU
		{5E5CA898-4081-490A-9BFD-182A4425145A}.Debug|ARM.ActiveCfg = Debug|Any CPU
		{5E5CA898-4081-490A-9BFD-182A4425145A}.Debug|ARM.Build.0 = Debug|Any CPU
		{5E5CA898-4081-490A-9BFD-182A4425145A}.Debug|iPhone.ActiveCfg = Debug|Any CPU
		{5E5CA898-4081-490A-9BFD-182A4425145A}.Debug|iPhone.Build.0 = Debug|Any CPU
		{5E5CA898-4081-490A-9BFD-182A4425145A}.Debug|iPhoneSimulator.ActiveCfg = Debug|Any CPU
		{5E5CA898-4081-490A-9BFD-182A4425145A}.Debug|iPhoneSimulator.Build.0 = Debug|Any CPU
		{5E5CA898-4081-490A-9BFD-182A4425145A}.Debug|x64.ActiveCfg = Debug|Any CPU
		{5E5CA898-4081-490A-9BFD-182A4425145A}.Debug|x64.Build.0 = Debug|Any CPU
		{5E5CA898-4081-490A-9BFD-182A4425145A}.Debug|x86.ActiveCfg = Debug|Any CPU
		{5E5CA898-4081-490A-9BFD-182A4425145A}.Debug|x86.Build.0 = Debug|Any CPU
		{5E5CA898-4081-490A-9BFD-182A4425145A}.Release|Any CPU.ActiveCfg = Release|Any CPU
		{5E5CA898-4081-490A-9BFD-182A4425145A}.Release|Any CPU.Build.0 = Release|Any CPU
		{5E5CA898-4081-490A-9BFD-182A4425145A}.Release|ARM.ActiveCfg = Release|Any CPU
		{5E5CA898-4081-490A-9BFD-182A4425145A}.Release|ARM.Build.0 = Release|Any CPU
		{5E5CA898-4081-490A-9BFD-182A4425145A}.Release|iPhone.ActiveCfg = Release|Any CPU
		{5E5CA898-4081-490A-9BFD-182A4425145A}.Release|iPhone.Build.0 = Release|Any CPU
		{5E5CA898-4081-490A-9BFD-182A4425145A}.Release|iPhoneSimulator.ActiveCfg = Release|Any CPU
		{5E5CA898-4081-490A-9BFD-182A4425145A}.Release|iPhoneSimulator.Build.0 = Release|Any CPU
		{5E5CA898-4081-490A-9BFD-182A4425145A}.Release|x64.ActiveCfg = Release|Any CPU
		{5E5CA898-4081-490A-9BFD-182A4425145A}.Release|x64.Build.0 = Release|Any CPU
		{5E5CA898-4081-490A-9BFD-182A4425145A}.Release|x86.ActiveCfg = Release|Any CPU
		{5E5CA898-4081-490A-9BFD-182A4425145A}.Release|x86.Build.0 = Release|Any CPU
		{CB6229AD-8B0F-4B1B-BBDC-54C37FD95B15}.Ad-Hoc|Any CPU.ActiveCfg = Release|Any CPU
		{CB6229AD-8B0F-4B1B-BBDC-54C37FD95B15}.Ad-Hoc|Any CPU.Build.0 = Release|Any CPU
		{CB6229AD-8B0F-4B1B-BBDC-54C37FD95B15}.Ad-Hoc|ARM.ActiveCfg = Release|Any CPU
		{CB6229AD-8B0F-4B1B-BBDC-54C37FD95B15}.Ad-Hoc|ARM.Build.0 = Release|Any CPU
		{CB6229AD-8B0F-4B1B-BBDC-54C37FD95B15}.Ad-Hoc|iPhone.ActiveCfg = Release|Any CPU
		{CB6229AD-8B0F-4B1B-BBDC-54C37FD95B15}.Ad-Hoc|iPhone.Build.0 = Release|Any CPU
		{CB6229AD-8B0F-4B1B-BBDC-54C37FD95B15}.Ad-Hoc|iPhoneSimulator.ActiveCfg = Release|Any CPU
		{CB6229AD-8B0F-4B1B-BBDC-54C37FD95B15}.Ad-Hoc|iPhoneSimulator.Build.0 = Release|Any CPU
		{CB6229AD-8B0F-4B1B-BBDC-54C37FD95B15}.Ad-Hoc|x64.ActiveCfg = Release|Any CPU
		{CB6229AD-8B0F-4B1B-BBDC-54C37FD95B15}.Ad-Hoc|x64.Build.0 = Release|Any CPU
		{CB6229AD-8B0F-4B1B-BBDC-54C37FD95B15}.Ad-Hoc|x86.ActiveCfg = Release|Any CPU
		{CB6229AD-8B0F-4B1B-BBDC-54C37FD95B15}.Ad-Hoc|x86.Build.0 = Release|Any CPU
		{CB6229AD-8B0F-4B1B-BBDC-54C37FD95B15}.AppStore|Any CPU.ActiveCfg = Release|Any CPU
		{CB6229AD-8B0F-4B1B-BBDC-54C37FD95B15}.AppStore|Any CPU.Build.0 = Release|Any CPU
		{CB6229AD-8B0F-4B1B-BBDC-54C37FD95B15}.AppStore|ARM.ActiveCfg = Release|Any CPU
		{CB6229AD-8B0F-4B1B-BBDC-54C37FD95B15}.AppStore|ARM.Build.0 = Release|Any CPU
		{CB6229AD-8B0F-4B1B-BBDC-54C37FD95B15}.AppStore|iPhone.ActiveCfg = Release|Any CPU
		{CB6229AD-8B0F-4B1B-BBDC-54C37FD95B15}.AppStore|iPhone.Build.0 = Release|Any CPU
		{CB6229AD-8B0F-4B1B-BBDC-54C37FD95B15}.AppStore|iPhoneSimulator.ActiveCfg = Release|Any CPU
		{CB6229AD-8B0F-4B1B-BBDC-54C37FD95B15}.AppStore|iPhoneSimulator.Build.0 = Release|Any CPU
		{CB6229AD-8B0F-4B1B-BBDC-54C37FD95B15}.AppStore|x64.ActiveCfg = Release|Any CPU
		{CB6229AD-8B0F-4B1B-BBDC-54C37FD95B15}.AppStore|x64.Build.0 = Release|Any CPU
		{CB6229AD-8B0F-4B1B-BBDC-54C37FD95B15}.AppStore|x86.ActiveCfg = Release|Any CPU
		{CB6229AD-8B0F-4B1B-BBDC-54C37FD95B15}.AppStore|x86.Build.0 = Release|Any CPU
		{CB6229AD-8B0F-4B1B-BBDC-54C37FD95B15}.Debug|Any CPU.ActiveCfg = Debug|Any CPU
		{CB6229AD-8B0F-4B1B-BBDC-54C37FD95B15}.Debug|Any CPU.Build.0 = Debug|Any CPU
		{CB6229AD-8B0F-4B1B-BBDC-54C37FD95B15}.Debug|ARM.ActiveCfg = Debug|Any CPU
		{CB6229AD-8B0F-4B1B-BBDC-54C37FD95B15}.Debug|ARM.Build.0 = Debug|Any CPU
		{CB6229AD-8B0F-4B1B-BBDC-54C37FD95B15}.Debug|iPhone.ActiveCfg = Debug|Any CPU
		{CB6229AD-8B0F-4B1B-BBDC-54C37FD95B15}.Debug|iPhone.Build.0 = Debug|Any CPU
		{CB6229AD-8B0F-4B1B-BBDC-54C37FD95B15}.Debug|iPhoneSimulator.ActiveCfg = Debug|Any CPU
		{CB6229AD-8B0F-4B1B-BBDC-54C37FD95B15}.Debug|iPhoneSimulator.Build.0 = Debug|Any CPU
		{CB6229AD-8B0F-4B1B-BBDC-54C37FD95B15}.Debug|x64.ActiveCfg = Debug|Any CPU
		{CB6229AD-8B0F-4B1B-BBDC-54C37FD95B15}.Debug|x64.Build.0 = Debug|Any CPU
		{CB6229AD-8B0F-4B1B-BBDC-54C37FD95B15}.Debug|x86.ActiveCfg = Debug|Any CPU
		{CB6229AD-8B0F-4B1B-BBDC-54C37FD95B15}.Debug|x86.Build.0 = Debug|Any CPU
		{CB6229AD-8B0F-4B1B-BBDC-54C37FD95B15}.Release|Any CPU.ActiveCfg = Release|Any CPU
		{CB6229AD-8B0F-4B1B-BBDC-54C37FD95B15}.Release|Any CPU.Build.0 = Release|Any CPU
		{CB6229AD-8B0F-4B1B-BBDC-54C37FD95B15}.Release|ARM.ActiveCfg = Release|Any CPU
		{CB6229AD-8B0F-4B1B-BBDC-54C37FD95B15}.Release|ARM.Build.0 = Release|Any CPU
		{CB6229AD-8B0F-4B1B-BBDC-54C37FD95B15}.Release|iPhone.ActiveCfg = Release|Any CPU
		{CB6229AD-8B0F-4B1B-BBDC-54C37FD95B15}.Release|iPhone.Build.0 = Release|Any CPU
		{CB6229AD-8B0F-4B1B-BBDC-54C37FD95B15}.Release|iPhoneSimulator.ActiveCfg = Release|Any CPU
		{CB6229AD-8B0F-4B1B-BBDC-54C37FD95B15}.Release|iPhoneSimulator.Build.0 = Release|Any CPU
		{CB6229AD-8B0F-4B1B-BBDC-54C37FD95B15}.Release|x64.ActiveCfg = Release|Any CPU
		{CB6229AD-8B0F-4B1B-BBDC-54C37FD95B15}.Release|x64.Build.0 = Release|Any CPU
		{CB6229AD-8B0F-4B1B-BBDC-54C37FD95B15}.Release|x86.ActiveCfg = Release|Any CPU
		{CB6229AD-8B0F-4B1B-BBDC-54C37FD95B15}.Release|x86.Build.0 = Release|Any CPU
		{DFB05D17-52D3-4899-A9E4-D20673CD0DE8}.Ad-Hoc|Any CPU.ActiveCfg = Release|Any CPU
		{DFB05D17-52D3-4899-A9E4-D20673CD0DE8}.Ad-Hoc|Any CPU.Build.0 = Release|Any CPU
		{DFB05D17-52D3-4899-A9E4-D20673CD0DE8}.Ad-Hoc|Any CPU.Deploy.0 = Release|Any CPU
		{DFB05D17-52D3-4899-A9E4-D20673CD0DE8}.Ad-Hoc|ARM.ActiveCfg = Release|Any CPU
		{DFB05D17-52D3-4899-A9E4-D20673CD0DE8}.Ad-Hoc|ARM.Build.0 = Release|Any CPU
		{DFB05D17-52D3-4899-A9E4-D20673CD0DE8}.Ad-Hoc|ARM.Deploy.0 = Release|Any CPU
		{DFB05D17-52D3-4899-A9E4-D20673CD0DE8}.Ad-Hoc|iPhone.ActiveCfg = Release|Any CPU
		{DFB05D17-52D3-4899-A9E4-D20673CD0DE8}.Ad-Hoc|iPhone.Build.0 = Release|Any CPU
		{DFB05D17-52D3-4899-A9E4-D20673CD0DE8}.Ad-Hoc|iPhone.Deploy.0 = Release|Any CPU
		{DFB05D17-52D3-4899-A9E4-D20673CD0DE8}.Ad-Hoc|iPhoneSimulator.ActiveCfg = Release|Any CPU
		{DFB05D17-52D3-4899-A9E4-D20673CD0DE8}.Ad-Hoc|iPhoneSimulator.Build.0 = Release|Any CPU
		{DFB05D17-52D3-4899-A9E4-D20673CD0DE8}.Ad-Hoc|iPhoneSimulator.Deploy.0 = Release|Any CPU
		{DFB05D17-52D3-4899-A9E4-D20673CD0DE8}.Ad-Hoc|x64.ActiveCfg = Release|Any CPU
		{DFB05D17-52D3-4899-A9E4-D20673CD0DE8}.Ad-Hoc|x64.Build.0 = Release|Any CPU
		{DFB05D17-52D3-4899-A9E4-D20673CD0DE8}.Ad-Hoc|x64.Deploy.0 = Release|Any CPU
		{DFB05D17-52D3-4899-A9E4-D20673CD0DE8}.Ad-Hoc|x86.ActiveCfg = Release|Any CPU
		{DFB05D17-52D3-4899-A9E4-D20673CD0DE8}.Ad-Hoc|x86.Build.0 = Release|Any CPU
		{DFB05D17-52D3-4899-A9E4-D20673CD0DE8}.Ad-Hoc|x86.Deploy.0 = Release|Any CPU
		{DFB05D17-52D3-4899-A9E4-D20673CD0DE8}.AppStore|Any CPU.ActiveCfg = Release|Any CPU
		{DFB05D17-52D3-4899-A9E4-D20673CD0DE8}.AppStore|Any CPU.Build.0 = Release|Any CPU
		{DFB05D17-52D3-4899-A9E4-D20673CD0DE8}.AppStore|Any CPU.Deploy.0 = Release|Any CPU
		{DFB05D17-52D3-4899-A9E4-D20673CD0DE8}.AppStore|ARM.ActiveCfg = Release|Any CPU
		{DFB05D17-52D3-4899-A9E4-D20673CD0DE8}.AppStore|ARM.Build.0 = Release|Any CPU
		{DFB05D17-52D3-4899-A9E4-D20673CD0DE8}.AppStore|ARM.Deploy.0 = Release|Any CPU
		{DFB05D17-52D3-4899-A9E4-D20673CD0DE8}.AppStore|iPhone.ActiveCfg = Release|Any CPU
		{DFB05D17-52D3-4899-A9E4-D20673CD0DE8}.AppStore|iPhone.Build.0 = Release|Any CPU
		{DFB05D17-52D3-4899-A9E4-D20673CD0DE8}.AppStore|iPhone.Deploy.0 = Release|Any CPU
		{DFB05D17-52D3-4899-A9E4-D20673CD0DE8}.AppStore|iPhoneSimulator.ActiveCfg = Release|Any CPU
		{DFB05D17-52D3-4899-A9E4-D20673CD0DE8}.AppStore|iPhoneSimulator.Build.0 = Release|Any CPU
		{DFB05D17-52D3-4899-A9E4-D20673CD0DE8}.AppStore|iPhoneSimulator.Deploy.0 = Release|Any CPU
		{DFB05D17-52D3-4899-A9E4-D20673CD0DE8}.AppStore|x64.ActiveCfg = Release|Any CPU
		{DFB05D17-52D3-4899-A9E4-D20673CD0DE8}.AppStore|x64.Build.0 = Release|Any CPU
		{DFB05D17-52D3-4899-A9E4-D20673CD0DE8}.AppStore|x64.Deploy.0 = Release|Any CPU
		{DFB05D17-52D3-4899-A9E4-D20673CD0DE8}.AppStore|x86.ActiveCfg = Release|Any CPU
		{DFB05D17-52D3-4899-A9E4-D20673CD0DE8}.AppStore|x86.Build.0 = Release|Any CPU
		{DFB05D17-52D3-4899-A9E4-D20673CD0DE8}.AppStore|x86.Deploy.0 = Release|Any CPU
		{DFB05D17-52D3-4899-A9E4-D20673CD0DE8}.Debug|Any CPU.ActiveCfg = Debug|Any CPU
		{DFB05D17-52D3-4899-A9E4-D20673CD0DE8}.Debug|Any CPU.Build.0 = Debug|Any CPU
		{DFB05D17-52D3-4899-A9E4-D20673CD0DE8}.Debug|Any CPU.Deploy.0 = Debug|Any CPU
		{DFB05D17-52D3-4899-A9E4-D20673CD0DE8}.Debug|ARM.ActiveCfg = Debug|Any CPU
		{DFB05D17-52D3-4899-A9E4-D20673CD0DE8}.Debug|ARM.Build.0 = Debug|Any CPU
		{DFB05D17-52D3-4899-A9E4-D20673CD0DE8}.Debug|ARM.Deploy.0 = Debug|Any CPU
		{DFB05D17-52D3-4899-A9E4-D20673CD0DE8}.Debug|iPhone.ActiveCfg = Debug|Any CPU
		{DFB05D17-52D3-4899-A9E4-D20673CD0DE8}.Debug|iPhone.Build.0 = Debug|Any CPU
		{DFB05D17-52D3-4899-A9E4-D20673CD0DE8}.Debug|iPhone.Deploy.0 = Debug|Any CPU
		{DFB05D17-52D3-4899-A9E4-D20673CD0DE8}.Debug|iPhoneSimulator.ActiveCfg = Debug|Any CPU
		{DFB05D17-52D3-4899-A9E4-D20673CD0DE8}.Debug|iPhoneSimulator.Build.0 = Debug|Any CPU
		{DFB05D17-52D3-4899-A9E4-D20673CD0DE8}.Debug|iPhoneSimulator.Deploy.0 = Debug|Any CPU
		{DFB05D17-52D3-4899-A9E4-D20673CD0DE8}.Debug|x64.ActiveCfg = Debug|Any CPU
		{DFB05D17-52D3-4899-A9E4-D20673CD0DE8}.Debug|x64.Build.0 = Debug|Any CPU
		{DFB05D17-52D3-4899-A9E4-D20673CD0DE8}.Debug|x64.Deploy.0 = Debug|Any CPU
		{DFB05D17-52D3-4899-A9E4-D20673CD0DE8}.Debug|x86.ActiveCfg = Debug|Any CPU
		{DFB05D17-52D3-4899-A9E4-D20673CD0DE8}.Debug|x86.Build.0 = Debug|Any CPU
		{DFB05D17-52D3-4899-A9E4-D20673CD0DE8}.Debug|x86.Deploy.0 = Debug|Any CPU
		{DFB05D17-52D3-4899-A9E4-D20673CD0DE8}.Release|Any CPU.ActiveCfg = Release|Any CPU
		{DFB05D17-52D3-4899-A9E4-D20673CD0DE8}.Release|Any CPU.Build.0 = Release|Any CPU
		{DFB05D17-52D3-4899-A9E4-D20673CD0DE8}.Release|Any CPU.Deploy.0 = Release|Any CPU
		{DFB05D17-52D3-4899-A9E4-D20673CD0DE8}.Release|ARM.ActiveCfg = Release|Any CPU
		{DFB05D17-52D3-4899-A9E4-D20673CD0DE8}.Release|ARM.Build.0 = Release|Any CPU
		{DFB05D17-52D3-4899-A9E4-D20673CD0DE8}.Release|ARM.Deploy.0 = Release|Any CPU
		{DFB05D17-52D3-4899-A9E4-D20673CD0DE8}.Release|iPhone.ActiveCfg = Release|Any CPU
		{DFB05D17-52D3-4899-A9E4-D20673CD0DE8}.Release|iPhone.Build.0 = Release|Any CPU
		{DFB05D17-52D3-4899-A9E4-D20673CD0DE8}.Release|iPhone.Deploy.0 = Release|Any CPU
		{DFB05D17-52D3-4899-A9E4-D20673CD0DE8}.Release|iPhoneSimulator.ActiveCfg = Release|Any CPU
		{DFB05D17-52D3-4899-A9E4-D20673CD0DE8}.Release|iPhoneSimulator.Build.0 = Release|Any CPU
		{DFB05D17-52D3-4899-A9E4-D20673CD0DE8}.Release|iPhoneSimulator.Deploy.0 = Release|Any CPU
		{DFB05D17-52D3-4899-A9E4-D20673CD0DE8}.Release|x64.ActiveCfg = Release|Any CPU
		{DFB05D17-52D3-4899-A9E4-D20673CD0DE8}.Release|x64.Build.0 = Release|Any CPU
		{DFB05D17-52D3-4899-A9E4-D20673CD0DE8}.Release|x64.Deploy.0 = Release|Any CPU
		{DFB05D17-52D3-4899-A9E4-D20673CD0DE8}.Release|x86.ActiveCfg = Release|Any CPU
		{DFB05D17-52D3-4899-A9E4-D20673CD0DE8}.Release|x86.Build.0 = Release|Any CPU
		{DFB05D17-52D3-4899-A9E4-D20673CD0DE8}.Release|x86.Deploy.0 = Release|Any CPU
		{286A19D6-40A5-4B20-90EF-CF6C92801683}.Ad-Hoc|Any CPU.ActiveCfg = Ad-Hoc|iPhone
		{286A19D6-40A5-4B20-90EF-CF6C92801683}.Ad-Hoc|ARM.ActiveCfg = Ad-Hoc|iPhone
		{286A19D6-40A5-4B20-90EF-CF6C92801683}.Ad-Hoc|iPhone.ActiveCfg = Ad-Hoc|iPhone
		{286A19D6-40A5-4B20-90EF-CF6C92801683}.Ad-Hoc|iPhone.Build.0 = Ad-Hoc|iPhone
		{286A19D6-40A5-4B20-90EF-CF6C92801683}.Ad-Hoc|iPhoneSimulator.ActiveCfg = Ad-Hoc|iPhoneSimulator
		{286A19D6-40A5-4B20-90EF-CF6C92801683}.Ad-Hoc|iPhoneSimulator.Build.0 = Ad-Hoc|iPhoneSimulator
		{286A19D6-40A5-4B20-90EF-CF6C92801683}.Ad-Hoc|x64.ActiveCfg = Ad-Hoc|iPhone
		{286A19D6-40A5-4B20-90EF-CF6C92801683}.Ad-Hoc|x86.ActiveCfg = Ad-Hoc|iPhone
		{286A19D6-40A5-4B20-90EF-CF6C92801683}.AppStore|Any CPU.ActiveCfg = AppStore|iPhone
		{286A19D6-40A5-4B20-90EF-CF6C92801683}.AppStore|ARM.ActiveCfg = AppStore|iPhone
		{286A19D6-40A5-4B20-90EF-CF6C92801683}.AppStore|iPhone.ActiveCfg = AppStore|iPhone
		{286A19D6-40A5-4B20-90EF-CF6C92801683}.AppStore|iPhone.Build.0 = AppStore|iPhone
		{286A19D6-40A5-4B20-90EF-CF6C92801683}.AppStore|iPhoneSimulator.ActiveCfg = AppStore|iPhoneSimulator
		{286A19D6-40A5-4B20-90EF-CF6C92801683}.AppStore|iPhoneSimulator.Build.0 = AppStore|iPhoneSimulator
		{286A19D6-40A5-4B20-90EF-CF6C92801683}.AppStore|x64.ActiveCfg = AppStore|iPhone
		{286A19D6-40A5-4B20-90EF-CF6C92801683}.AppStore|x86.ActiveCfg = AppStore|iPhone
		{286A19D6-40A5-4B20-90EF-CF6C92801683}.Debug|Any CPU.ActiveCfg = Debug|iPhone
		{286A19D6-40A5-4B20-90EF-CF6C92801683}.Debug|ARM.ActiveCfg = Debug|iPhone
		{286A19D6-40A5-4B20-90EF-CF6C92801683}.Debug|iPhone.ActiveCfg = Debug|iPhone
		{286A19D6-40A5-4B20-90EF-CF6C92801683}.Debug|iPhone.Build.0 = Debug|iPhone
		{286A19D6-40A5-4B20-90EF-CF6C92801683}.Debug|iPhoneSimulator.ActiveCfg = Debug|iPhoneSimulator
		{286A19D6-40A5-4B20-90EF-CF6C92801683}.Debug|iPhoneSimulator.Build.0 = Debug|iPhoneSimulator
		{286A19D6-40A5-4B20-90EF-CF6C92801683}.Debug|x64.ActiveCfg = Debug|iPhone
		{286A19D6-40A5-4B20-90EF-CF6C92801683}.Debug|x86.ActiveCfg = Debug|iPhone
		{286A19D6-40A5-4B20-90EF-CF6C92801683}.Release|Any CPU.ActiveCfg = Release|iPhone
		{286A19D6-40A5-4B20-90EF-CF6C92801683}.Release|ARM.ActiveCfg = Release|iPhone
		{286A19D6-40A5-4B20-90EF-CF6C92801683}.Release|iPhone.ActiveCfg = Release|iPhone
		{286A19D6-40A5-4B20-90EF-CF6C92801683}.Release|iPhone.Build.0 = Release|iPhone
		{286A19D6-40A5-4B20-90EF-CF6C92801683}.Release|iPhoneSimulator.ActiveCfg = Release|iPhoneSimulator
		{286A19D6-40A5-4B20-90EF-CF6C92801683}.Release|iPhoneSimulator.Build.0 = Release|iPhoneSimulator
		{286A19D6-40A5-4B20-90EF-CF6C92801683}.Release|x64.ActiveCfg = Release|iPhone
		{286A19D6-40A5-4B20-90EF-CF6C92801683}.Release|x86.ActiveCfg = Release|iPhone
		{D84D0180-CADD-46E5-B6FB-0C8D31085BF9}.Ad-Hoc|Any CPU.ActiveCfg = Debug|Any CPU
		{D84D0180-CADD-46E5-B6FB-0C8D31085BF9}.Ad-Hoc|Any CPU.Build.0 = Debug|Any CPU
		{D84D0180-CADD-46E5-B6FB-0C8D31085BF9}.Ad-Hoc|ARM.ActiveCfg = Debug|Any CPU
		{D84D0180-CADD-46E5-B6FB-0C8D31085BF9}.Ad-Hoc|ARM.Build.0 = Debug|Any CPU
		{D84D0180-CADD-46E5-B6FB-0C8D31085BF9}.Ad-Hoc|iPhone.ActiveCfg = Debug|Any CPU
		{D84D0180-CADD-46E5-B6FB-0C8D31085BF9}.Ad-Hoc|iPhone.Build.0 = Debug|Any CPU
		{D84D0180-CADD-46E5-B6FB-0C8D31085BF9}.Ad-Hoc|iPhoneSimulator.ActiveCfg = Debug|Any CPU
		{D84D0180-CADD-46E5-B6FB-0C8D31085BF9}.Ad-Hoc|iPhoneSimulator.Build.0 = Debug|Any CPU
		{D84D0180-CADD-46E5-B6FB-0C8D31085BF9}.Ad-Hoc|x64.ActiveCfg = Debug|Any CPU
		{D84D0180-CADD-46E5-B6FB-0C8D31085BF9}.Ad-Hoc|x64.Build.0 = Debug|Any CPU
		{D84D0180-CADD-46E5-B6FB-0C8D31085BF9}.Ad-Hoc|x86.ActiveCfg = Debug|Any CPU
		{D84D0180-CADD-46E5-B6FB-0C8D31085BF9}.Ad-Hoc|x86.Build.0 = Debug|Any CPU
		{D84D0180-CADD-46E5-B6FB-0C8D31085BF9}.AppStore|Any CPU.ActiveCfg = Debug|Any CPU
		{D84D0180-CADD-46E5-B6FB-0C8D31085BF9}.AppStore|Any CPU.Build.0 = Debug|Any CPU
		{D84D0180-CADD-46E5-B6FB-0C8D31085BF9}.AppStore|ARM.ActiveCfg = Debug|Any CPU
		{D84D0180-CADD-46E5-B6FB-0C8D31085BF9}.AppStore|ARM.Build.0 = Debug|Any CPU
		{D84D0180-CADD-46E5-B6FB-0C8D31085BF9}.AppStore|iPhone.ActiveCfg = Debug|Any CPU
		{D84D0180-CADD-46E5-B6FB-0C8D31085BF9}.AppStore|iPhone.Build.0 = Debug|Any CPU
		{D84D0180-CADD-46E5-B6FB-0C8D31085BF9}.AppStore|iPhoneSimulator.ActiveCfg = Debug|Any CPU
		{D84D0180-CADD-46E5-B6FB-0C8D31085BF9}.AppStore|iPhoneSimulator.Build.0 = Debug|Any CPU
		{D84D0180-CADD-46E5-B6FB-0C8D31085BF9}.AppStore|x64.ActiveCfg = Debug|Any CPU
		{D84D0180-CADD-46E5-B6FB-0C8D31085BF9}.AppStore|x64.Build.0 = Debug|Any CPU
		{D84D0180-CADD-46E5-B6FB-0C8D31085BF9}.AppStore|x86.ActiveCfg = Debug|Any CPU
		{D84D0180-CADD-46E5-B6FB-0C8D31085BF9}.AppStore|x86.Build.0 = Debug|Any CPU
		{D84D0180-CADD-46E5-B6FB-0C8D31085BF9}.Debug|Any CPU.ActiveCfg = Debug|Any CPU
		{D84D0180-CADD-46E5-B6FB-0C8D31085BF9}.Debug|Any CPU.Build.0 = Debug|Any CPU
		{D84D0180-CADD-46E5-B6FB-0C8D31085BF9}.Debug|ARM.ActiveCfg = Debug|Any CPU
		{D84D0180-CADD-46E5-B6FB-0C8D31085BF9}.Debug|ARM.Build.0 = Debug|Any CPU
		{D84D0180-CADD-46E5-B6FB-0C8D31085BF9}.Debug|iPhone.ActiveCfg = Debug|Any CPU
		{D84D0180-CADD-46E5-B6FB-0C8D31085BF9}.Debug|iPhone.Build.0 = Debug|Any CPU
		{D84D0180-CADD-46E5-B6FB-0C8D31085BF9}.Debug|iPhoneSimulator.ActiveCfg = Debug|Any CPU
		{D84D0180-CADD-46E5-B6FB-0C8D31085BF9}.Debug|iPhoneSimulator.Build.0 = Debug|Any CPU
		{D84D0180-CADD-46E5-B6FB-0C8D31085BF9}.Debug|x64.ActiveCfg = Debug|Any CPU
		{D84D0180-CADD-46E5-B6FB-0C8D31085BF9}.Debug|x64.Build.0 = Debug|Any CPU
		{D84D0180-CADD-46E5-B6FB-0C8D31085BF9}.Debug|x86.ActiveCfg = Debug|Any CPU
		{D84D0180-CADD-46E5-B6FB-0C8D31085BF9}.Debug|x86.Build.0 = Debug|Any CPU
		{D84D0180-CADD-46E5-B6FB-0C8D31085BF9}.Release|Any CPU.ActiveCfg = Release|Any CPU
		{D84D0180-CADD-46E5-B6FB-0C8D31085BF9}.Release|Any CPU.Build.0 = Release|Any CPU
		{D84D0180-CADD-46E5-B6FB-0C8D31085BF9}.Release|ARM.ActiveCfg = Release|Any CPU
		{D84D0180-CADD-46E5-B6FB-0C8D31085BF9}.Release|ARM.Build.0 = Release|Any CPU
		{D84D0180-CADD-46E5-B6FB-0C8D31085BF9}.Release|iPhone.ActiveCfg = Release|Any CPU
		{D84D0180-CADD-46E5-B6FB-0C8D31085BF9}.Release|iPhone.Build.0 = Release|Any CPU
		{D84D0180-CADD-46E5-B6FB-0C8D31085BF9}.Release|iPhoneSimulator.ActiveCfg = Release|Any CPU
		{D84D0180-CADD-46E5-B6FB-0C8D31085BF9}.Release|iPhoneSimulator.Build.0 = Release|Any CPU
		{D84D0180-CADD-46E5-B6FB-0C8D31085BF9}.Release|x64.ActiveCfg = Release|Any CPU
		{D84D0180-CADD-46E5-B6FB-0C8D31085BF9}.Release|x64.Build.0 = Release|Any CPU
		{D84D0180-CADD-46E5-B6FB-0C8D31085BF9}.Release|x86.ActiveCfg = Release|Any CPU
		{D84D0180-CADD-46E5-B6FB-0C8D31085BF9}.Release|x86.Build.0 = Release|Any CPU
		{8B83C7DC-9207-4063-8E87-7A7A492F4962}.Ad-Hoc|Any CPU.ActiveCfg = Release|Any CPU
		{8B83C7DC-9207-4063-8E87-7A7A492F4962}.Ad-Hoc|Any CPU.Build.0 = Release|Any CPU
		{8B83C7DC-9207-4063-8E87-7A7A492F4962}.Ad-Hoc|ARM.ActiveCfg = Release|Any CPU
		{8B83C7DC-9207-4063-8E87-7A7A492F4962}.Ad-Hoc|ARM.Build.0 = Release|Any CPU
		{8B83C7DC-9207-4063-8E87-7A7A492F4962}.Ad-Hoc|iPhone.ActiveCfg = Release|Any CPU
		{8B83C7DC-9207-4063-8E87-7A7A492F4962}.Ad-Hoc|iPhone.Build.0 = Release|Any CPU
		{8B83C7DC-9207-4063-8E87-7A7A492F4962}.Ad-Hoc|iPhoneSimulator.ActiveCfg = Release|Any CPU
		{8B83C7DC-9207-4063-8E87-7A7A492F4962}.Ad-Hoc|iPhoneSimulator.Build.0 = Release|Any CPU
		{8B83C7DC-9207-4063-8E87-7A7A492F4962}.Ad-Hoc|x64.ActiveCfg = Release|Any CPU
		{8B83C7DC-9207-4063-8E87-7A7A492F4962}.Ad-Hoc|x64.Build.0 = Release|Any CPU
		{8B83C7DC-9207-4063-8E87-7A7A492F4962}.Ad-Hoc|x86.ActiveCfg = Release|Any CPU
		{8B83C7DC-9207-4063-8E87-7A7A492F4962}.Ad-Hoc|x86.Build.0 = Release|Any CPU
		{8B83C7DC-9207-4063-8E87-7A7A492F4962}.AppStore|Any CPU.ActiveCfg = Release|Any CPU
		{8B83C7DC-9207-4063-8E87-7A7A492F4962}.AppStore|Any CPU.Build.0 = Release|Any CPU
		{8B83C7DC-9207-4063-8E87-7A7A492F4962}.AppStore|ARM.ActiveCfg = Release|Any CPU
		{8B83C7DC-9207-4063-8E87-7A7A492F4962}.AppStore|ARM.Build.0 = Release|Any CPU
		{8B83C7DC-9207-4063-8E87-7A7A492F4962}.AppStore|iPhone.ActiveCfg = Release|Any CPU
		{8B83C7DC-9207-4063-8E87-7A7A492F4962}.AppStore|iPhone.Build.0 = Release|Any CPU
		{8B83C7DC-9207-4063-8E87-7A7A492F4962}.AppStore|iPhoneSimulator.ActiveCfg = Release|Any CPU
		{8B83C7DC-9207-4063-8E87-7A7A492F4962}.AppStore|iPhoneSimulator.Build.0 = Release|Any CPU
		{8B83C7DC-9207-4063-8E87-7A7A492F4962}.AppStore|x64.ActiveCfg = Release|Any CPU
		{8B83C7DC-9207-4063-8E87-7A7A492F4962}.AppStore|x64.Build.0 = Release|Any CPU
		{8B83C7DC-9207-4063-8E87-7A7A492F4962}.AppStore|x86.ActiveCfg = Release|Any CPU
		{8B83C7DC-9207-4063-8E87-7A7A492F4962}.AppStore|x86.Build.0 = Release|Any CPU
		{8B83C7DC-9207-4063-8E87-7A7A492F4962}.Debug|Any CPU.ActiveCfg = Debug|Any CPU
		{8B83C7DC-9207-4063-8E87-7A7A492F4962}.Debug|Any CPU.Build.0 = Debug|Any CPU
		{8B83C7DC-9207-4063-8E87-7A7A492F4962}.Debug|ARM.ActiveCfg = Debug|Any CPU
		{8B83C7DC-9207-4063-8E87-7A7A492F4962}.Debug|ARM.Build.0 = Debug|Any CPU
		{8B83C7DC-9207-4063-8E87-7A7A492F4962}.Debug|iPhone.ActiveCfg = Debug|Any CPU
		{8B83C7DC-9207-4063-8E87-7A7A492F4962}.Debug|iPhone.Build.0 = Debug|Any CPU
		{8B83C7DC-9207-4063-8E87-7A7A492F4962}.Debug|iPhoneSimulator.ActiveCfg = Debug|Any CPU
		{8B83C7DC-9207-4063-8E87-7A7A492F4962}.Debug|iPhoneSimulator.Build.0 = Debug|Any CPU
		{8B83C7DC-9207-4063-8E87-7A7A492F4962}.Debug|x64.ActiveCfg = Debug|Any CPU
		{8B83C7DC-9207-4063-8E87-7A7A492F4962}.Debug|x64.Build.0 = Debug|Any CPU
		{8B83C7DC-9207-4063-8E87-7A7A492F4962}.Debug|x86.ActiveCfg = Debug|Any CPU
		{8B83C7DC-9207-4063-8E87-7A7A492F4962}.Debug|x86.Build.0 = Debug|Any CPU
		{8B83C7DC-9207-4063-8E87-7A7A492F4962}.Release|Any CPU.ActiveCfg = Release|Any CPU
		{8B83C7DC-9207-4063-8E87-7A7A492F4962}.Release|Any CPU.Build.0 = Release|Any CPU
		{8B83C7DC-9207-4063-8E87-7A7A492F4962}.Release|ARM.ActiveCfg = Release|Any CPU
		{8B83C7DC-9207-4063-8E87-7A7A492F4962}.Release|ARM.Build.0 = Release|Any CPU
		{8B83C7DC-9207-4063-8E87-7A7A492F4962}.Release|iPhone.ActiveCfg = Release|Any CPU
		{8B83C7DC-9207-4063-8E87-7A7A492F4962}.Release|iPhone.Build.0 = Release|Any CPU
		{8B83C7DC-9207-4063-8E87-7A7A492F4962}.Release|iPhoneSimulator.ActiveCfg = Release|Any CPU
		{8B83C7DC-9207-4063-8E87-7A7A492F4962}.Release|iPhoneSimulator.Build.0 = Release|Any CPU
		{8B83C7DC-9207-4063-8E87-7A7A492F4962}.Release|x64.ActiveCfg = Release|Any CPU
		{8B83C7DC-9207-4063-8E87-7A7A492F4962}.Release|x64.Build.0 = Release|Any CPU
		{8B83C7DC-9207-4063-8E87-7A7A492F4962}.Release|x86.ActiveCfg = Release|Any CPU
		{8B83C7DC-9207-4063-8E87-7A7A492F4962}.Release|x86.Build.0 = Release|Any CPU
		{5C09D017-5795-48C5-B8E1-279C107274D6}.Ad-Hoc|Any CPU.ActiveCfg = Release|x86
		{5C09D017-5795-48C5-B8E1-279C107274D6}.Ad-Hoc|Any CPU.Build.0 = Release|x86
		{5C09D017-5795-48C5-B8E1-279C107274D6}.Ad-Hoc|Any CPU.Deploy.0 = Release|x86
		{5C09D017-5795-48C5-B8E1-279C107274D6}.Ad-Hoc|ARM.ActiveCfg = Release|ARM
		{5C09D017-5795-48C5-B8E1-279C107274D6}.Ad-Hoc|ARM.Build.0 = Release|ARM
		{5C09D017-5795-48C5-B8E1-279C107274D6}.Ad-Hoc|ARM.Deploy.0 = Release|ARM
		{5C09D017-5795-48C5-B8E1-279C107274D6}.Ad-Hoc|iPhone.ActiveCfg = Release|x86
		{5C09D017-5795-48C5-B8E1-279C107274D6}.Ad-Hoc|iPhone.Build.0 = Release|x86
		{5C09D017-5795-48C5-B8E1-279C107274D6}.Ad-Hoc|iPhone.Deploy.0 = Release|x86
		{5C09D017-5795-48C5-B8E1-279C107274D6}.Ad-Hoc|iPhoneSimulator.ActiveCfg = Release|x86
		{5C09D017-5795-48C5-B8E1-279C107274D6}.Ad-Hoc|iPhoneSimulator.Build.0 = Release|x86
		{5C09D017-5795-48C5-B8E1-279C107274D6}.Ad-Hoc|iPhoneSimulator.Deploy.0 = Release|x86
		{5C09D017-5795-48C5-B8E1-279C107274D6}.Ad-Hoc|x64.ActiveCfg = Release|x64
		{5C09D017-5795-48C5-B8E1-279C107274D6}.Ad-Hoc|x64.Build.0 = Release|x64
		{5C09D017-5795-48C5-B8E1-279C107274D6}.Ad-Hoc|x64.Deploy.0 = Release|x64
		{5C09D017-5795-48C5-B8E1-279C107274D6}.Ad-Hoc|x86.ActiveCfg = Release|x86
		{5C09D017-5795-48C5-B8E1-279C107274D6}.Ad-Hoc|x86.Build.0 = Release|x86
		{5C09D017-5795-48C5-B8E1-279C107274D6}.Ad-Hoc|x86.Deploy.0 = Release|x86
		{5C09D017-5795-48C5-B8E1-279C107274D6}.AppStore|Any CPU.ActiveCfg = Release|x86
		{5C09D017-5795-48C5-B8E1-279C107274D6}.AppStore|Any CPU.Build.0 = Release|x86
		{5C09D017-5795-48C5-B8E1-279C107274D6}.AppStore|Any CPU.Deploy.0 = Release|x86
		{5C09D017-5795-48C5-B8E1-279C107274D6}.AppStore|ARM.ActiveCfg = Release|ARM
		{5C09D017-5795-48C5-B8E1-279C107274D6}.AppStore|ARM.Build.0 = Release|ARM
		{5C09D017-5795-48C5-B8E1-279C107274D6}.AppStore|ARM.Deploy.0 = Release|ARM
		{5C09D017-5795-48C5-B8E1-279C107274D6}.AppStore|iPhone.ActiveCfg = Release|x86
		{5C09D017-5795-48C5-B8E1-279C107274D6}.AppStore|iPhone.Build.0 = Release|x86
		{5C09D017-5795-48C5-B8E1-279C107274D6}.AppStore|iPhone.Deploy.0 = Release|x86
		{5C09D017-5795-48C5-B8E1-279C107274D6}.AppStore|iPhoneSimulator.ActiveCfg = Release|x86
		{5C09D017-5795-48C5-B8E1-279C107274D6}.AppStore|iPhoneSimulator.Build.0 = Release|x86
		{5C09D017-5795-48C5-B8E1-279C107274D6}.AppStore|iPhoneSimulator.Deploy.0 = Release|x86
		{5C09D017-5795-48C5-B8E1-279C107274D6}.AppStore|x64.ActiveCfg = Release|x64
		{5C09D017-5795-48C5-B8E1-279C107274D6}.AppStore|x64.Build.0 = Release|x64
		{5C09D017-5795-48C5-B8E1-279C107274D6}.AppStore|x64.Deploy.0 = Release|x64
		{5C09D017-5795-48C5-B8E1-279C107274D6}.AppStore|x86.ActiveCfg = Release|x86
		{5C09D017-5795-48C5-B8E1-279C107274D6}.AppStore|x86.Build.0 = Release|x86
		{5C09D017-5795-48C5-B8E1-279C107274D6}.AppStore|x86.Deploy.0 = Release|x86
		{5C09D017-5795-48C5-B8E1-279C107274D6}.Debug|Any CPU.ActiveCfg = Debug|x86
		{5C09D017-5795-48C5-B8E1-279C107274D6}.Debug|ARM.ActiveCfg = Debug|ARM
		{5C09D017-5795-48C5-B8E1-279C107274D6}.Debug|ARM.Build.0 = Debug|ARM
		{5C09D017-5795-48C5-B8E1-279C107274D6}.Debug|ARM.Deploy.0 = Debug|ARM
		{5C09D017-5795-48C5-B8E1-279C107274D6}.Debug|iPhone.ActiveCfg = Debug|x86
		{5C09D017-5795-48C5-B8E1-279C107274D6}.Debug|iPhoneSimulator.ActiveCfg = Debug|x86
		{5C09D017-5795-48C5-B8E1-279C107274D6}.Debug|x64.ActiveCfg = Debug|x64
		{5C09D017-5795-48C5-B8E1-279C107274D6}.Debug|x64.Build.0 = Debug|x64
		{5C09D017-5795-48C5-B8E1-279C107274D6}.Debug|x64.Deploy.0 = Debug|x64
		{5C09D017-5795-48C5-B8E1-279C107274D6}.Debug|x86.ActiveCfg = Debug|x86
		{5C09D017-5795-48C5-B8E1-279C107274D6}.Debug|x86.Build.0 = Debug|x86
		{5C09D017-5795-48C5-B8E1-279C107274D6}.Debug|x86.Deploy.0 = Debug|x86
		{5C09D017-5795-48C5-B8E1-279C107274D6}.Release|Any CPU.ActiveCfg = Release|x86
		{5C09D017-5795-48C5-B8E1-279C107274D6}.Release|ARM.ActiveCfg = Release|ARM
		{5C09D017-5795-48C5-B8E1-279C107274D6}.Release|ARM.Build.0 = Release|ARM
		{5C09D017-5795-48C5-B8E1-279C107274D6}.Release|ARM.Deploy.0 = Release|ARM
		{5C09D017-5795-48C5-B8E1-279C107274D6}.Release|iPhone.ActiveCfg = Release|x86
		{5C09D017-5795-48C5-B8E1-279C107274D6}.Release|iPhoneSimulator.ActiveCfg = Release|x86
		{5C09D017-5795-48C5-B8E1-279C107274D6}.Release|x64.ActiveCfg = Release|x64
		{5C09D017-5795-48C5-B8E1-279C107274D6}.Release|x64.Build.0 = Release|x64
		{5C09D017-5795-48C5-B8E1-279C107274D6}.Release|x64.Deploy.0 = Release|x64
		{5C09D017-5795-48C5-B8E1-279C107274D6}.Release|x86.ActiveCfg = Release|x86
		{5C09D017-5795-48C5-B8E1-279C107274D6}.Release|x86.Build.0 = Release|x86
		{5C09D017-5795-48C5-B8E1-279C107274D6}.Release|x86.Deploy.0 = Release|x86
		{37163CA1-BA23-42A8-8672-439D110834E4}.Ad-Hoc|Any CPU.ActiveCfg = Debug|Any CPU
		{37163CA1-BA23-42A8-8672-439D110834E4}.Ad-Hoc|Any CPU.Build.0 = Debug|Any CPU
		{37163CA1-BA23-42A8-8672-439D110834E4}.Ad-Hoc|ARM.ActiveCfg = Debug|Any CPU
		{37163CA1-BA23-42A8-8672-439D110834E4}.Ad-Hoc|ARM.Build.0 = Debug|Any CPU
		{37163CA1-BA23-42A8-8672-439D110834E4}.Ad-Hoc|iPhone.ActiveCfg = Debug|Any CPU
		{37163CA1-BA23-42A8-8672-439D110834E4}.Ad-Hoc|iPhone.Build.0 = Debug|Any CPU
		{37163CA1-BA23-42A8-8672-439D110834E4}.Ad-Hoc|iPhoneSimulator.ActiveCfg = Debug|Any CPU
		{37163CA1-BA23-42A8-8672-439D110834E4}.Ad-Hoc|iPhoneSimulator.Build.0 = Debug|Any CPU
		{37163CA1-BA23-42A8-8672-439D110834E4}.Ad-Hoc|x64.ActiveCfg = Debug|Any CPU
		{37163CA1-BA23-42A8-8672-439D110834E4}.Ad-Hoc|x64.Build.0 = Debug|Any CPU
		{37163CA1-BA23-42A8-8672-439D110834E4}.Ad-Hoc|x86.ActiveCfg = Debug|Any CPU
		{37163CA1-BA23-42A8-8672-439D110834E4}.Ad-Hoc|x86.Build.0 = Debug|Any CPU
		{37163CA1-BA23-42A8-8672-439D110834E4}.AppStore|Any CPU.ActiveCfg = Debug|Any CPU
		{37163CA1-BA23-42A8-8672-439D110834E4}.AppStore|Any CPU.Build.0 = Debug|Any CPU
		{37163CA1-BA23-42A8-8672-439D110834E4}.AppStore|ARM.ActiveCfg = Debug|Any CPU
		{37163CA1-BA23-42A8-8672-439D110834E4}.AppStore|ARM.Build.0 = Debug|Any CPU
		{37163CA1-BA23-42A8-8672-439D110834E4}.AppStore|iPhone.ActiveCfg = Debug|Any CPU
		{37163CA1-BA23-42A8-8672-439D110834E4}.AppStore|iPhone.Build.0 = Debug|Any CPU
		{37163CA1-BA23-42A8-8672-439D110834E4}.AppStore|iPhoneSimulator.ActiveCfg = Debug|Any CPU
		{37163CA1-BA23-42A8-8672-439D110834E4}.AppStore|iPhoneSimulator.Build.0 = Debug|Any CPU
		{37163CA1-BA23-42A8-8672-439D110834E4}.AppStore|x64.ActiveCfg = Debug|Any CPU
		{37163CA1-BA23-42A8-8672-439D110834E4}.AppStore|x64.Build.0 = Debug|Any CPU
		{37163CA1-BA23-42A8-8672-439D110834E4}.AppStore|x86.ActiveCfg = Debug|Any CPU
		{37163CA1-BA23-42A8-8672-439D110834E4}.AppStore|x86.Build.0 = Debug|Any CPU
		{37163CA1-BA23-42A8-8672-439D110834E4}.Debug|Any CPU.ActiveCfg = Debug|Any CPU
		{37163CA1-BA23-42A8-8672-439D110834E4}.Debug|Any CPU.Build.0 = Debug|Any CPU
		{37163CA1-BA23-42A8-8672-439D110834E4}.Debug|ARM.ActiveCfg = Debug|Any CPU
		{37163CA1-BA23-42A8-8672-439D110834E4}.Debug|ARM.Build.0 = Debug|Any CPU
		{37163CA1-BA23-42A8-8672-439D110834E4}.Debug|iPhone.ActiveCfg = Debug|Any CPU
		{37163CA1-BA23-42A8-8672-439D110834E4}.Debug|iPhone.Build.0 = Debug|Any CPU
		{37163CA1-BA23-42A8-8672-439D110834E4}.Debug|iPhoneSimulator.ActiveCfg = Debug|Any CPU
		{37163CA1-BA23-42A8-8672-439D110834E4}.Debug|iPhoneSimulator.Build.0 = Debug|Any CPU
		{37163CA1-BA23-42A8-8672-439D110834E4}.Debug|x64.ActiveCfg = Debug|Any CPU
		{37163CA1-BA23-42A8-8672-439D110834E4}.Debug|x64.Build.0 = Debug|Any CPU
		{37163CA1-BA23-42A8-8672-439D110834E4}.Debug|x86.ActiveCfg = Debug|Any CPU
		{37163CA1-BA23-42A8-8672-439D110834E4}.Debug|x86.Build.0 = Debug|Any CPU
		{37163CA1-BA23-42A8-8672-439D110834E4}.Release|Any CPU.ActiveCfg = Release|Any CPU
		{37163CA1-BA23-42A8-8672-439D110834E4}.Release|Any CPU.Build.0 = Release|Any CPU
		{37163CA1-BA23-42A8-8672-439D110834E4}.Release|ARM.ActiveCfg = Release|Any CPU
		{37163CA1-BA23-42A8-8672-439D110834E4}.Release|ARM.Build.0 = Release|Any CPU
		{37163CA1-BA23-42A8-8672-439D110834E4}.Release|iPhone.ActiveCfg = Release|Any CPU
		{37163CA1-BA23-42A8-8672-439D110834E4}.Release|iPhone.Build.0 = Release|Any CPU
		{37163CA1-BA23-42A8-8672-439D110834E4}.Release|iPhoneSimulator.ActiveCfg = Release|Any CPU
		{37163CA1-BA23-42A8-8672-439D110834E4}.Release|iPhoneSimulator.Build.0 = Release|Any CPU
		{37163CA1-BA23-42A8-8672-439D110834E4}.Release|x64.ActiveCfg = Release|Any CPU
		{37163CA1-BA23-42A8-8672-439D110834E4}.Release|x64.Build.0 = Release|Any CPU
		{37163CA1-BA23-42A8-8672-439D110834E4}.Release|x86.ActiveCfg = Release|Any CPU
		{37163CA1-BA23-42A8-8672-439D110834E4}.Release|x86.Build.0 = Release|Any CPU
		{9721019D-B12D-4794-9668-6848EC0A56C0}.Ad-Hoc|Any CPU.ActiveCfg = Debug|Any CPU
		{9721019D-B12D-4794-9668-6848EC0A56C0}.Ad-Hoc|Any CPU.Build.0 = Debug|Any CPU
		{9721019D-B12D-4794-9668-6848EC0A56C0}.Ad-Hoc|ARM.ActiveCfg = Debug|Any CPU
		{9721019D-B12D-4794-9668-6848EC0A56C0}.Ad-Hoc|ARM.Build.0 = Debug|Any CPU
		{9721019D-B12D-4794-9668-6848EC0A56C0}.Ad-Hoc|iPhone.ActiveCfg = Debug|Any CPU
		{9721019D-B12D-4794-9668-6848EC0A56C0}.Ad-Hoc|iPhone.Build.0 = Debug|Any CPU
		{9721019D-B12D-4794-9668-6848EC0A56C0}.Ad-Hoc|iPhoneSimulator.ActiveCfg = Debug|Any CPU
		{9721019D-B12D-4794-9668-6848EC0A56C0}.Ad-Hoc|iPhoneSimulator.Build.0 = Debug|Any CPU
		{9721019D-B12D-4794-9668-6848EC0A56C0}.Ad-Hoc|x64.ActiveCfg = Debug|Any CPU
		{9721019D-B12D-4794-9668-6848EC0A56C0}.Ad-Hoc|x64.Build.0 = Debug|Any CPU
		{9721019D-B12D-4794-9668-6848EC0A56C0}.Ad-Hoc|x86.ActiveCfg = Debug|Any CPU
		{9721019D-B12D-4794-9668-6848EC0A56C0}.Ad-Hoc|x86.Build.0 = Debug|Any CPU
		{9721019D-B12D-4794-9668-6848EC0A56C0}.AppStore|Any CPU.ActiveCfg = Debug|Any CPU
		{9721019D-B12D-4794-9668-6848EC0A56C0}.AppStore|Any CPU.Build.0 = Debug|Any CPU
		{9721019D-B12D-4794-9668-6848EC0A56C0}.AppStore|ARM.ActiveCfg = Debug|Any CPU
		{9721019D-B12D-4794-9668-6848EC0A56C0}.AppStore|ARM.Build.0 = Debug|Any CPU
		{9721019D-B12D-4794-9668-6848EC0A56C0}.AppStore|iPhone.ActiveCfg = Debug|Any CPU
		{9721019D-B12D-4794-9668-6848EC0A56C0}.AppStore|iPhone.Build.0 = Debug|Any CPU
		{9721019D-B12D-4794-9668-6848EC0A56C0}.AppStore|iPhoneSimulator.ActiveCfg = Debug|Any CPU
		{9721019D-B12D-4794-9668-6848EC0A56C0}.AppStore|iPhoneSimulator.Build.0 = Debug|Any CPU
		{9721019D-B12D-4794-9668-6848EC0A56C0}.AppStore|x64.ActiveCfg = Debug|Any CPU
		{9721019D-B12D-4794-9668-6848EC0A56C0}.AppStore|x64.Build.0 = Debug|Any CPU
		{9721019D-B12D-4794-9668-6848EC0A56C0}.AppStore|x86.ActiveCfg = Debug|Any CPU
		{9721019D-B12D-4794-9668-6848EC0A56C0}.AppStore|x86.Build.0 = Debug|Any CPU
		{9721019D-B12D-4794-9668-6848EC0A56C0}.Debug|Any CPU.ActiveCfg = Debug|Any CPU
		{9721019D-B12D-4794-9668-6848EC0A56C0}.Debug|Any CPU.Build.0 = Debug|Any CPU
		{9721019D-B12D-4794-9668-6848EC0A56C0}.Debug|ARM.ActiveCfg = Debug|Any CPU
		{9721019D-B12D-4794-9668-6848EC0A56C0}.Debug|ARM.Build.0 = Debug|Any CPU
		{9721019D-B12D-4794-9668-6848EC0A56C0}.Debug|iPhone.ActiveCfg = Debug|Any CPU
		{9721019D-B12D-4794-9668-6848EC0A56C0}.Debug|iPhone.Build.0 = Debug|Any CPU
		{9721019D-B12D-4794-9668-6848EC0A56C0}.Debug|iPhoneSimulator.ActiveCfg = Debug|Any CPU
		{9721019D-B12D-4794-9668-6848EC0A56C0}.Debug|iPhoneSimulator.Build.0 = Debug|Any CPU
		{9721019D-B12D-4794-9668-6848EC0A56C0}.Debug|x64.ActiveCfg = Debug|Any CPU
		{9721019D-B12D-4794-9668-6848EC0A56C0}.Debug|x64.Build.0 = Debug|Any CPU
		{9721019D-B12D-4794-9668-6848EC0A56C0}.Debug|x86.ActiveCfg = Debug|Any CPU
		{9721019D-B12D-4794-9668-6848EC0A56C0}.Debug|x86.Build.0 = Debug|Any CPU
		{9721019D-B12D-4794-9668-6848EC0A56C0}.Release|Any CPU.ActiveCfg = Release|Any CPU
		{9721019D-B12D-4794-9668-6848EC0A56C0}.Release|Any CPU.Build.0 = Release|Any CPU
		{9721019D-B12D-4794-9668-6848EC0A56C0}.Release|ARM.ActiveCfg = Release|Any CPU
		{9721019D-B12D-4794-9668-6848EC0A56C0}.Release|ARM.Build.0 = Release|Any CPU
		{9721019D-B12D-4794-9668-6848EC0A56C0}.Release|iPhone.ActiveCfg = Release|Any CPU
		{9721019D-B12D-4794-9668-6848EC0A56C0}.Release|iPhone.Build.0 = Release|Any CPU
		{9721019D-B12D-4794-9668-6848EC0A56C0}.Release|iPhoneSimulator.ActiveCfg = Release|Any CPU
		{9721019D-B12D-4794-9668-6848EC0A56C0}.Release|iPhoneSimulator.Build.0 = Release|Any CPU
		{9721019D-B12D-4794-9668-6848EC0A56C0}.Release|x64.ActiveCfg = Release|Any CPU
		{9721019D-B12D-4794-9668-6848EC0A56C0}.Release|x64.Build.0 = Release|Any CPU
		{9721019D-B12D-4794-9668-6848EC0A56C0}.Release|x86.ActiveCfg = Release|Any CPU
		{9721019D-B12D-4794-9668-6848EC0A56C0}.Release|x86.Build.0 = Release|Any CPU
	EndGlobalSection
	GlobalSection(SolutionProperties) = preSolution
		HideSolutionNode = FALSE
	EndGlobalSection
	GlobalSection(NestedProjects) = preSolution
		{DFB05D17-52D3-4899-A9E4-D20673CD0DE8} = {E789F872-6132-4099-AE8D-A8C939EBE728}
		{286A19D6-40A5-4B20-90EF-CF6C92801683} = {E789F872-6132-4099-AE8D-A8C939EBE728}
		{D84D0180-CADD-46E5-B6FB-0C8D31085BF9} = {E789F872-6132-4099-AE8D-A8C939EBE728}
		{8B83C7DC-9207-4063-8E87-7A7A492F4962} = {E789F872-6132-4099-AE8D-A8C939EBE728}
		{5C09D017-5795-48C5-B8E1-279C107274D6} = {E789F872-6132-4099-AE8D-A8C939EBE728}
		{37163CA1-BA23-42A8-8672-439D110834E4} = {E789F872-6132-4099-AE8D-A8C939EBE728}
		{9721019D-B12D-4794-9668-6848EC0A56C0} = {E789F872-6132-4099-AE8D-A8C939EBE728}
	EndGlobalSection
	GlobalSection(ExtensibilityGlobals) = postSolution
		SolutionGuid = {BD41C535-334D-4C8A-8D1C-47DDF8A4DA85}
	EndGlobalSection
EndGlobal
